// !$*UTF8*$!
{
	archiveVersion = 1;
	classes = {
	};
	objectVersion = 77;
	objects = {

		/* Begin PBXBuildFile section */
		AA0200000000000000000001 /* RepSetForgeApp.swift in Sources */ = {isa = PBXBuildFile; fileRef = AA0100000000000000000001 /* RepSetForgeApp.swift */; };
		AA0200000000000000000002 /* ContentView.swift in Sources */ = {isa = PBXBuildFile; fileRef = AA0100000000000000000002 /* ContentView.swift */; };
		AA0200000000000000000003 /* RepSetForgeTheme.swift in Sources */ = {isa = PBXBuildFile; fileRef = AA0100000000000000000003 /* RepSetForgeTheme.swift */; };
		AA0200000000000000000004 /* MuscleGroup.swift in Sources */ = {isa = PBXBuildFile; fileRef = AA0100000000000000000004 /* MuscleGroup.swift */; };
		AA0200000000000000000049 /* WeightUnit.swift in Sources */ = {isa = PBXBuildFile; fileRef = AA0100000000000000000049 /* WeightUnit.swift */; };
		AA0200000000000000000005 /* QuestStatus.swift in Sources */ = {isa = PBXBuildFile; fileRef = AA0100000000000000000005 /* QuestStatus.swift */; };
		AA0200000000000000000043 /* ExerciseType.swift in Sources */ = {isa = PBXBuildFile; fileRef = AA0100000000000000000043 /* ExerciseType.swift */; };
		AA0200000000000000000006 /* ExerciseSet.swift in Sources */ = {isa = PBXBuildFile; fileRef = AA0100000000000000000006 /* ExerciseSet.swift */; };
		AA0200000000000000000007 /* Exercise.swift in Sources */ = {isa = PBXBuildFile; fileRef = AA0100000000000000000007 /* Exercise.swift */; };
		AA0200000000000000000037 /* ExerciseTemplate.swift in Sources */ = {isa = PBXBuildFile; fileRef = AA0100000000000000000037 /* ExerciseTemplate.swift */; };
		AA0200000000000000000008 /* Quest.swift in Sources */ = {isa = PBXBuildFile; fileRef = AA0100000000000000000008 /* Quest.swift */; };
		AA020000000000000000003A /* QuestTemplate.swift in Sources */ = {isa = PBXBuildFile; fileRef = AA010000000000000000003A /* QuestTemplate.swift */; };
		AA0200000000000000000009 /* PlayerCharacter.swift in Sources */ = {isa = PBXBuildFile; fileRef = AA0100000000000000000009 /* PlayerCharacter.swift */; };
		AA020000000000000000000A /* MuscleProgress.swift in Sources */ = {isa = PBXBuildFile; fileRef = AA010000000000000000000A /* MuscleProgress.swift */; };
		AA020000000000000000000B /* Achievement.swift in Sources */ = {isa = PBXBuildFile; fileRef = AA010000000000000000000B /* Achievement.swift */; };
		AA0200000000000000000045 /* PersonalRecordType.swift in Sources */ = {isa = PBXBuildFile; fileRef = AA0100000000000000000045 /* PersonalRecordType.swift */; };
		AA0200000000000000000057 /* TrainingStyle.swift in Sources */ = {isa = PBXBuildFile; fileRef = AA0100000000000000000057 /* TrainingStyle.swift */; };
		AA0200000000000000000046 /* PersonalRecord.swift in Sources */ = {isa = PBXBuildFile; fileRef = AA0100000000000000000046 /* PersonalRecord.swift */; };
		AA020000000000000000000C /* ProgressionService.swift in Sources */ = {isa = PBXBuildFile; fileRef = AA010000000000000000000C /* ProgressionService.swift */; };
		AA020000000000000000000D /* AchievementService.swift in Sources */ = {isa = PBXBuildFile; fileRef = AA010000000000000000000D /* AchievementService.swift */; };
		AA0200000000000000000038 /* ExerciseTemplateService.swift in Sources */ = {isa = PBXBuildFile; fileRef = AA0100000000000000000038 /* ExerciseTemplateService.swift */; };
		AA020000000000000000003B /* QuestTemplateService.swift in Sources */ = {isa = PBXBuildFile; fileRef = AA010000000000000000003B /* QuestTemplateService.swift */; };
		AA020000000000000000003D /* QuestDuplicationService.swift in Sources */ = {isa = PBXBuildFile; fileRef = AA010000000000000000003D /* QuestDuplicationService.swift */; };
		AA020000000000000000003F /* QuestScheduler.swift in Sources */ = {isa = PBXBuildFile; fileRef = AA010000000000000000003F /* QuestScheduler.swift */; };
		AA0200000000000000000041 /* ProgressionRebuildService.swift in Sources */ = {isa = PBXBuildFile; fileRef = AA0100000000000000000041 /* ProgressionRebuildService.swift */; };
		AA0200000000000000000047 /* PersonalRecordService.swift in Sources */ = {isa = PBXBuildFile; fileRef = AA0100000000000000000047 /* PersonalRecordService.swift */; };
		AA0200000000000000000058 /* TrainingStyleService.swift in Sources */ = {isa = PBXBuildFile; fileRef = AA0100000000000000000058 /* TrainingStyleService.swift */; };
		AA020000000000000000005A /* TrainingInsightsService.swift in Sources */ = {isa = PBXBuildFile; fileRef = AA010000000000000000005A /* TrainingInsightsService.swift */; };
		AA020000000000000000005C /* SuggestedQuestService.swift in Sources */ = {isa = PBXBuildFile; fileRef = AA010000000000000000005C /* SuggestedQuestService.swift */; };
		AA020000000000000000005E /* QuestCalendarService.swift in Sources */ = {isa = PBXBuildFile; fileRef = AA010000000000000000005E /* QuestCalendarService.swift */; };
		AA0200000000000000000061 /* TrainingChartsService.swift in Sources */ = {isa = PBXBuildFile; fileRef = AA0100000000000000000061 /* TrainingChartsService.swift */; };
		AA0200000000000000000064 /* MuscleRecoveryService.swift in Sources */ = {isa = PBXBuildFile; fileRef = AA0100000000000000000064 /* MuscleRecoveryService.swift */; };
		AA0200000000000000000066 /* QuestFilterService.swift in Sources */ = {isa = PBXBuildFile; fileRef = AA0100000000000000000066 /* QuestFilterService.swift */; };
		AA020000000000000000006A /* RecoveryRecommendationService.swift in Sources */ = {isa = PBXBuildFile; fileRef = AA010000000000000000006A /* RecoveryRecommendationService.swift */; };
		AA020000000000000000006C /* ExerciseNameSuggestionService.swift in Sources */ = {isa = PBXBuildFile; fileRef = AA010000000000000000006C /* ExerciseNameSuggestionService.swift */; };
		AA020000000000000000006E /* ExerciseMetricsService.swift in Sources */ = {isa = PBXBuildFile; fileRef = AA010000000000000000006E /* ExerciseMetricsService.swift */; };
		AA0200000000000000000071 /* ProgressExportService.swift in Sources */ = {isa = PBXBuildFile; fileRef = AA0100000000000000000071 /* ProgressExportService.swift */; };
		AA0200000000000000000073 /* ProgressImportService.swift in Sources */ = {isa = PBXBuildFile; fileRef = AA0100000000000000000073 /* ProgressImportService.swift */; };
		AA0200000000000000000075 /* HealthKitService.swift in Sources */ = {isa = PBXBuildFile; fileRef = AA0100000000000000000075 /* HealthKitService.swift */; };
		AA020000000000000000004C /* GoldService.swift in Sources */ = {isa = PBXBuildFile; fileRef = AA010000000000000000004C /* GoldService.swift */; };
		AA020000000000000000000E /* PersistenceController.swift in Sources */ = {isa = PBXBuildFile; fileRef = AA010000000000000000000E /* PersistenceController.swift */; };
		AA020000000000000000004B /* OnboardingView.swift in Sources */ = {isa = PBXBuildFile; fileRef = AA010000000000000000004B /* OnboardingView.swift */; };
		AA0200000000000000000051 /* EquipmentShopView.swift in Sources */ = {isa = PBXBuildFile; fileRef = AA0100000000000000000051 /* EquipmentShopView.swift */; };
		AA020000000000000000000F /* QuestDashboardView.swift in Sources */ = {isa = PBXBuildFile; fileRef = AA010000000000000000000F /* QuestDashboardView.swift */; };
		AA0200000000000000000010 /* QuestListView.swift in Sources */ = {isa = PBXBuildFile; fileRef = AA0100000000000000000010 /* QuestListView.swift */; };
		AA0200000000000000000011 /* QuestDetailView.swift in Sources */ = {isa = PBXBuildFile; fileRef = AA0100000000000000000011 /* QuestDetailView.swift */; };
		AA0200000000000000000012 /* ExerciseLoggingView.swift in Sources */ = {isa = PBXBuildFile; fileRef = AA0100000000000000000012 /* ExerciseLoggingView.swift */; };
		AA0200000000000000000013 /* CharacterProgressView.swift in Sources */ = {isa = PBXBuildFile; fileRef = AA0100000000000000000013 /* CharacterProgressView.swift */; };
		AA0200000000000000000014 /* QuestHistoryView.swift in Sources */ = {isa = PBXBuildFile; fileRef = AA0100000000000000000014 /* QuestHistoryView.swift */; };
		AA0200000000000000000070 /* ExerciseMetricsView.swift in Sources */ = {isa = PBXBuildFile; fileRef = AA0100000000000000000070 /* ExerciseMetricsView.swift */; };
		AA0200000000000000000060 /* QuestCalendarView.swift in Sources */ = {isa = PBXBuildFile; fileRef = AA0100000000000000000060 /* QuestCalendarView.swift */; };
		AA0200000000000000000063 /* TrainingChartsView.swift in Sources */ = {isa = PBXBuildFile; fileRef = AA0100000000000000000063 /* TrainingChartsView.swift */; };
		AA0200000000000000000015 /* AchievementsView.swift in Sources */ = {isa = PBXBuildFile; fileRef = AA0100000000000000000015 /* AchievementsView.swift */; };
		AA0200000000000000000016 /* QuestCompletionView.swift in Sources */ = {isa = PBXBuildFile; fileRef = AA0100000000000000000016 /* QuestCompletionView.swift */; };
		AA0200000000000000000017 /* PixelQuestCard.swift in Sources */ = {isa = PBXBuildFile; fileRef = AA0100000000000000000017 /* PixelQuestCard.swift */; };
		AA0200000000000000000018 /* PixelXPBar.swift in Sources */ = {isa = PBXBuildFile; fileRef = AA0100000000000000000018 /* PixelXPBar.swift */; };
		AA0200000000000000000019 /* PixelBadge.swift in Sources */ = {isa = PBXBuildFile; fileRef = AA0100000000000000000019 /* PixelBadge.swift */; };
		AA020000000000000000001A /* PixelStatPanel.swift in Sources */ = {isa = PBXBuildFile; fileRef = AA010000000000000000001A /* PixelStatPanel.swift */; };
		AA020000000000000000001B /* PixelButton.swift in Sources */ = {isa = PBXBuildFile; fileRef = AA010000000000000000001B /* PixelButton.swift */; };
		AA020000000000000000001C /* PixelAchievementCard.swift in Sources */ = {isa = PBXBuildFile; fileRef = AA010000000000000000001C /* PixelAchievementCard.swift */; };
		AA020000000000000000001D /* PixelDivider.swift in Sources */ = {isa = PBXBuildFile; fileRef = AA010000000000000000001D /* PixelDivider.swift */; };
		AA020000000000000000001E /* QuestCompletionRewardRow.swift in Sources */ = {isa = PBXBuildFile; fileRef = AA010000000000000000001E /* QuestCompletionRewardRow.swift */; };
		AA0200000000000000000025 /* RPGClass.swift in Sources */ = {isa = PBXBuildFile; fileRef = AA0100000000000000000025 /* RPGClass.swift */; };
		AA0200000000000000000026 /* RPGEquipment.swift in Sources */ = {isa = PBXBuildFile; fileRef = AA0100000000000000000026 /* RPGEquipment.swift */; };
		AA020000000000000000004E /* OwnedEquipment.swift in Sources */ = {isa = PBXBuildFile; fileRef = AA010000000000000000004E /* OwnedEquipment.swift */; };
		AA0200000000000000000027 /* RPGSkill.swift in Sources */ = {isa = PBXBuildFile; fileRef = AA0100000000000000000027 /* RPGSkill.swift */; };
		AA0200000000000000000052 /* SkillProgress.swift in Sources */ = {isa = PBXBuildFile; fileRef = AA0100000000000000000052 /* SkillProgress.swift */; };
		AA0200000000000000000028 /* RPGMonster.swift in Sources */ = {isa = PBXBuildFile; fileRef = AA0100000000000000000028 /* RPGMonster.swift */; };
		AA0200000000000000000029 /* RPGBoss.swift in Sources */ = {isa = PBXBuildFile; fileRef = AA0100000000000000000029 /* RPGBoss.swift */; };
		AA020000000000000000002A /* RPGProgressionSnapshot.swift in Sources */ = {isa = PBXBuildFile; fileRef = AA010000000000000000002A /* RPGProgressionSnapshot.swift */; };
		AA020000000000000000002B /* RPGEncounterState.swift in Sources */ = {isa = PBXBuildFile; fileRef = AA010000000000000000002B /* RPGEncounterState.swift */; };
		AA020000000000000000002C /* RPGMonsterRegistry.swift in Sources */ = {isa = PBXBuildFile; fileRef = AA010000000000000000002C /* RPGMonsterRegistry.swift */; };
		AA020000000000000000002D /* RPGBossRegistry.swift in Sources */ = {isa = PBXBuildFile; fileRef = AA010000000000000000002D /* RPGBossRegistry.swift */; };
		AA020000000000000000002E /* RPGEquipmentRegistry.swift in Sources */ = {isa = PBXBuildFile; fileRef = AA010000000000000000002E /* RPGEquipmentRegistry.swift */; };
		AA020000000000000000004F /* RPGEquipmentService.swift in Sources */ = {isa = PBXBuildFile; fileRef = AA010000000000000000004F /* RPGEquipmentService.swift */; };
		AA020000000000000000002F /* RPGSkillRegistry.swift in Sources */ = {isa = PBXBuildFile; fileRef = AA010000000000000000002F /* RPGSkillRegistry.swift */; };
		AA0200000000000000000053 /* SkillProgressionService.swift in Sources */ = {isa = PBXBuildFile; fileRef = AA0100000000000000000053 /* SkillProgressionService.swift */; };
		AA0200000000000000000055 /* EquipmentDropService.swift in Sources */ = {isa = PBXBuildFile; fileRef = AA0100000000000000000055 /* EquipmentDropService.swift */; };
		AA0200000000000000000030 /* MonsterSpawnService.swift in Sources */ = {isa = PBXBuildFile; fileRef = AA0100000000000000000030 /* MonsterSpawnService.swift */; };
		AA0200000000000000000031 /* BossMilestoneService.swift in Sources */ = {isa = PBXBuildFile; fileRef = AA0100000000000000000031 /* BossMilestoneService.swift */; };
		AA0200000000000000000032 /* RPGEncounterViewModel.swift in Sources */ = {isa = PBXBuildFile; fileRef = AA0100000000000000000032 /* RPGEncounterViewModel.swift */; };
		AA0200000000000000000068 /* PerceivedEffortPicker.swift in Sources */ = {isa = PBXBuildFile; fileRef = AA0100000000000000000068 /* PerceivedEffortPicker.swift */; };
		AA0200000000000000000033 /* RPGSpriteView.swift in Sources */ = {isa = PBXBuildFile; fileRef = AA0100000000000000000033 /* RPGSpriteView.swift */; };
		AA0200000000000000000034 /* RPGSceneView.swift in Sources */ = {isa = PBXBuildFile; fileRef = AA0100000000000000000034 /* RPGSceneView.swift */; };
		AA020000000000000000001F /* Assets.xcassets in Resources */ = {isa = PBXBuildFile; fileRef = AA010000000000000000001F /* Assets.xcassets */; };
		AA0200000000000000000022 /* ProgressionServiceTests.swift in Sources */ = {isa = PBXBuildFile; fileRef = AA0100000000000000000022 /* ProgressionServiceTests.swift */; };
		AA0200000000000000000023 /* AchievementServiceTests.swift in Sources */ = {isa = PBXBuildFile; fileRef = AA0100000000000000000023 /* AchievementServiceTests.swift */; };
		AA0200000000000000000024 /* IntegrationTests.swift in Sources */ = {isa = PBXBuildFile; fileRef = AA0100000000000000000024 /* IntegrationTests.swift */; };
		AA0200000000000000000035 /* RPGSpawnServiceTests.swift in Sources */ = {isa = PBXBuildFile; fileRef = AA0100000000000000000035 /* RPGSpawnServiceTests.swift */; };
		AA0200000000000000000036 /* RPGBossMilestoneTests.swift in Sources */ = {isa = PBXBuildFile; fileRef = AA0100000000000000000036 /* RPGBossMilestoneTests.swift */; };
		AA0200000000000000000039 /* ExerciseTemplateServiceTests.swift in Sources */ = {isa = PBXBuildFile; fileRef = AA0100000000000000000039 /* ExerciseTemplateServiceTests.swift */; };
		AA020000000000000000003C /* QuestTemplateServiceTests.swift in Sources */ = {isa = PBXBuildFile; fileRef = AA010000000000000000003C /* QuestTemplateServiceTests.swift */; };
		AA020000000000000000003E /* QuestDuplicationServiceTests.swift in Sources */ = {isa = PBXBuildFile; fileRef = AA010000000000000000003E /* QuestDuplicationServiceTests.swift */; };
		AA0200000000000000000040 /* QuestSchedulerTests.swift in Sources */ = {isa = PBXBuildFile; fileRef = AA0100000000000000000040 /* QuestSchedulerTests.swift */; };
		AA0200000000000000000042 /* ProgressionRebuildServiceTests.swift in Sources */ = {isa = PBXBuildFile; fileRef = AA0100000000000000000042 /* ProgressionRebuildServiceTests.swift */; };
		AA0200000000000000000044 /* ExerciseTypeTests.swift in Sources */ = {isa = PBXBuildFile; fileRef = AA0100000000000000000044 /* ExerciseTypeTests.swift */; };
		AA0200000000000000000048 /* PersonalRecordServiceTests.swift in Sources */ = {isa = PBXBuildFile; fileRef = AA0100000000000000000048 /* PersonalRecordServiceTests.swift */; };
		AA020000000000000000004A /* WeightUnitTests.swift in Sources */ = {isa = PBXBuildFile; fileRef = AA010000000000000000004A /* WeightUnitTests.swift */; };
		AA020000000000000000004D /* GoldServiceTests.swift in Sources */ = {isa = PBXBuildFile; fileRef = AA010000000000000000004D /* GoldServiceTests.swift */; };
		AA0200000000000000000050 /* RPGEquipmentServiceTests.swift in Sources */ = {isa = PBXBuildFile; fileRef = AA0100000000000000000050 /* RPGEquipmentServiceTests.swift */; };
		AA0200000000000000000054 /* SkillProgressionServiceTests.swift in Sources */ = {isa = PBXBuildFile; fileRef = AA0100000000000000000054 /* SkillProgressionServiceTests.swift */; };
		AA0200000000000000000056 /* EquipmentDropServiceTests.swift in Sources */ = {isa = PBXBuildFile; fileRef = AA0100000000000000000056 /* EquipmentDropServiceTests.swift */; };
		AA0200000000000000000059 /* TrainingStyleServiceTests.swift in Sources */ = {isa = PBXBuildFile; fileRef = AA0100000000000000000059 /* TrainingStyleServiceTests.swift */; };
		AA020000000000000000005B /* TrainingInsightsServiceTests.swift in Sources */ = {isa = PBXBuildFile; fileRef = AA010000000000000000005B /* TrainingInsightsServiceTests.swift */; };
		AA020000000000000000005D /* SuggestedQuestServiceTests.swift in Sources */ = {isa = PBXBuildFile; fileRef = AA010000000000000000005D /* SuggestedQuestServiceTests.swift */; };
		AA020000000000000000005F /* QuestCalendarServiceTests.swift in Sources */ = {isa = PBXBuildFile; fileRef = AA010000000000000000005F /* QuestCalendarServiceTests.swift */; };
		AA0200000000000000000062 /* TrainingChartsServiceTests.swift in Sources */ = {isa = PBXBuildFile; fileRef = AA0100000000000000000062 /* TrainingChartsServiceTests.swift */; };
		AA0200000000000000000065 /* MuscleRecoveryServiceTests.swift in Sources */ = {isa = PBXBuildFile; fileRef = AA0100000000000000000065 /* MuscleRecoveryServiceTests.swift */; };
		AA0200000000000000000067 /* QuestFilterServiceTests.swift in Sources */ = {isa = PBXBuildFile; fileRef = AA0100000000000000000067 /* QuestFilterServiceTests.swift */; };
		AA0200000000000000000069 /* QuestJournalTests.swift in Sources */ = {isa = PBXBuildFile; fileRef = AA0100000000000000000069 /* QuestJournalTests.swift */; };
		AA020000000000000000006B /* RecoveryRecommendationServiceTests.swift in Sources */ = {isa = PBXBuildFile; fileRef = AA010000000000000000006B /* RecoveryRecommendationServiceTests.swift */; };
		AA020000000000000000006D /* ExerciseNameSuggestionServiceTests.swift in Sources */ = {isa = PBXBuildFile; fileRef = AA010000000000000000006D /* ExerciseNameSuggestionServiceTests.swift */; };
		AA020000000000000000006F /* ExerciseMetricsServiceTests.swift in Sources */ = {isa = PBXBuildFile; fileRef = AA010000000000000000006F /* ExerciseMetricsServiceTests.swift */; };
		AA0200000000000000000072 /* ProgressExportServiceTests.swift in Sources */ = {isa = PBXBuildFile; fileRef = AA0100000000000000000072 /* ProgressExportServiceTests.swift */; };
		AA0200000000000000000074 /* ProgressImportServiceTests.swift in Sources */ = {isa = PBXBuildFile; fileRef = AA0100000000000000000074 /* ProgressImportServiceTests.swift */; };
		AA0200000000000000000076 /* HealthKitServiceTests.swift in Sources */ = {isa = PBXBuildFile; fileRef = AA0100000000000000000076 /* HealthKitServiceTests.swift */; };
		/* End PBXBuildFile section */

		/* Begin PBXContainerItemProxy section */
		AA0900000000000000000002 /* PBXContainerItemProxy */ = {
			isa = PBXContainerItemProxy;
			containerPortal = AA0000000000000000000001 /* Project object */;
			proxyType = 1;
			remoteGlobalIDString = AA0400000000000000000001;
			remoteInfo = RepSetForge;
		};
		/* End PBXContainerItemProxy section */

		/* Begin PBXFileReference section */
		AA0100000000000000000020 /* RepSetForge.app */ = {isa = PBXFileReference; explicitFileType = wrapper.application; includeInIndex = 0; path = RepSetForge.app; sourceTree = BUILT_PRODUCTS_DIR; };
		AA0100000000000000000021 /* RepSetForgeTests.xctest */ = {isa = PBXFileReference; explicitFileType = wrapper.cfbundle; includeInIndex = 0; path = RepSetForgeTests.xctest; sourceTree = BUILT_PRODUCTS_DIR; };
		AA0100000000000000000001 /* RepSetForgeApp.swift */ = {isa = PBXFileReference; lastKnownFileType = sourcecode.swift; path = RepSetForgeApp.swift; sourceTree = "<group>"; };
		AA0100000000000000000002 /* ContentView.swift */ = {isa = PBXFileReference; lastKnownFileType = sourcecode.swift; path = ContentView.swift; sourceTree = "<group>"; };
		AA0100000000000000000003 /* RepSetForgeTheme.swift */ = {isa = PBXFileReference; lastKnownFileType = sourcecode.swift; path = RepSetForgeTheme.swift; sourceTree = "<group>"; };
		AA0100000000000000000004 /* MuscleGroup.swift */ = {isa = PBXFileReference; lastKnownFileType = sourcecode.swift; path = MuscleGroup.swift; sourceTree = "<group>"; };
		AA0100000000000000000049 /* WeightUnit.swift */ = {isa = PBXFileReference; lastKnownFileType = sourcecode.swift; path = WeightUnit.swift; sourceTree = "<group>"; };
		AA0100000000000000000005 /* QuestStatus.swift */ = {isa = PBXFileReference; lastKnownFileType = sourcecode.swift; path = QuestStatus.swift; sourceTree = "<group>"; };
		AA0100000000000000000043 /* ExerciseType.swift */ = {isa = PBXFileReference; lastKnownFileType = sourcecode.swift; path = ExerciseType.swift; sourceTree = "<group>"; };
		AA0100000000000000000006 /* ExerciseSet.swift */ = {isa = PBXFileReference; lastKnownFileType = sourcecode.swift; path = ExerciseSet.swift; sourceTree = "<group>"; };
		AA0100000000000000000007 /* Exercise.swift */ = {isa = PBXFileReference; lastKnownFileType = sourcecode.swift; path = Exercise.swift; sourceTree = "<group>"; };
		AA0100000000000000000037 /* ExerciseTemplate.swift */ = {isa = PBXFileReference; lastKnownFileType = sourcecode.swift; path = ExerciseTemplate.swift; sourceTree = "<group>"; };
		AA0100000000000000000008 /* Quest.swift */ = {isa = PBXFileReference; lastKnownFileType = sourcecode.swift; path = Quest.swift; sourceTree = "<group>"; };
		AA010000000000000000003A /* QuestTemplate.swift */ = {isa = PBXFileReference; lastKnownFileType = sourcecode.swift; path = QuestTemplate.swift; sourceTree = "<group>"; };
		AA0100000000000000000009 /* PlayerCharacter.swift */ = {isa = PBXFileReference; lastKnownFileType = sourcecode.swift; path = PlayerCharacter.swift; sourceTree = "<group>"; };
		AA010000000000000000000A /* MuscleProgress.swift */ = {isa = PBXFileReference; lastKnownFileType = sourcecode.swift; path = MuscleProgress.swift; sourceTree = "<group>"; };
		AA010000000000000000000B /* Achievement.swift */ = {isa = PBXFileReference; lastKnownFileType = sourcecode.swift; path = Achievement.swift; sourceTree = "<group>"; };
		AA0100000000000000000045 /* PersonalRecordType.swift */ = {isa = PBXFileReference; lastKnownFileType = sourcecode.swift; path = PersonalRecordType.swift; sourceTree = "<group>"; };
		AA0100000000000000000057 /* TrainingStyle.swift */ = {isa = PBXFileReference; lastKnownFileType = sourcecode.swift; path = TrainingStyle.swift; sourceTree = "<group>"; };
		AA0100000000000000000046 /* PersonalRecord.swift */ = {isa = PBXFileReference; lastKnownFileType = sourcecode.swift; path = PersonalRecord.swift; sourceTree = "<group>"; };
		AA010000000000000000000C /* ProgressionService.swift */ = {isa = PBXFileReference; lastKnownFileType = sourcecode.swift; path = ProgressionService.swift; sourceTree = "<group>"; };
		AA010000000000000000000D /* AchievementService.swift */ = {isa = PBXFileReference; lastKnownFileType = sourcecode.swift; path = AchievementService.swift; sourceTree = "<group>"; };
		AA0100000000000000000038 /* ExerciseTemplateService.swift */ = {isa = PBXFileReference; lastKnownFileType = sourcecode.swift; path = ExerciseTemplateService.swift; sourceTree = "<group>"; };
		AA010000000000000000003B /* QuestTemplateService.swift */ = {isa = PBXFileReference; lastKnownFileType = sourcecode.swift; path = QuestTemplateService.swift; sourceTree = "<group>"; };
		AA010000000000000000003D /* QuestDuplicationService.swift */ = {isa = PBXFileReference; lastKnownFileType = sourcecode.swift; path = QuestDuplicationService.swift; sourceTree = "<group>"; };
		AA010000000000000000003F /* QuestScheduler.swift */ = {isa = PBXFileReference; lastKnownFileType = sourcecode.swift; path = QuestScheduler.swift; sourceTree = "<group>"; };
		AA0100000000000000000041 /* ProgressionRebuildService.swift */ = {isa = PBXFileReference; lastKnownFileType = sourcecode.swift; path = ProgressionRebuildService.swift; sourceTree = "<group>"; };
		AA0100000000000000000047 /* PersonalRecordService.swift */ = {isa = PBXFileReference; lastKnownFileType = sourcecode.swift; path = PersonalRecordService.swift; sourceTree = "<group>"; };
		AA0100000000000000000058 /* TrainingStyleService.swift */ = {isa = PBXFileReference; lastKnownFileType = sourcecode.swift; path = TrainingStyleService.swift; sourceTree = "<group>"; };
		AA010000000000000000005A /* TrainingInsightsService.swift */ = {isa = PBXFileReference; lastKnownFileType = sourcecode.swift; path = TrainingInsightsService.swift; sourceTree = "<group>"; };
		AA010000000000000000005C /* SuggestedQuestService.swift */ = {isa = PBXFileReference; lastKnownFileType = sourcecode.swift; path = SuggestedQuestService.swift; sourceTree = "<group>"; };
		AA010000000000000000005E /* QuestCalendarService.swift */ = {isa = PBXFileReference; lastKnownFileType = sourcecode.swift; path = QuestCalendarService.swift; sourceTree = "<group>"; };
		AA0100000000000000000061 /* TrainingChartsService.swift */ = {isa = PBXFileReference; lastKnownFileType = sourcecode.swift; path = TrainingChartsService.swift; sourceTree = "<group>"; };
		AA0100000000000000000064 /* MuscleRecoveryService.swift */ = {isa = PBXFileReference; lastKnownFileType = sourcecode.swift; path = MuscleRecoveryService.swift; sourceTree = "<group>"; };
		AA0100000000000000000066 /* QuestFilterService.swift */ = {isa = PBXFileReference; lastKnownFileType = sourcecode.swift; path = QuestFilterService.swift; sourceTree = "<group>"; };
		AA010000000000000000006A /* RecoveryRecommendationService.swift */ = {isa = PBXFileReference; lastKnownFileType = sourcecode.swift; path = RecoveryRecommendationService.swift; sourceTree = "<group>"; };
		AA010000000000000000006C /* ExerciseNameSuggestionService.swift */ = {isa = PBXFileReference; lastKnownFileType = sourcecode.swift; path = ExerciseNameSuggestionService.swift; sourceTree = "<group>"; };
		AA010000000000000000006E /* ExerciseMetricsService.swift */ = {isa = PBXFileReference; lastKnownFileType = sourcecode.swift; path = ExerciseMetricsService.swift; sourceTree = "<group>"; };
		AA0100000000000000000071 /* ProgressExportService.swift */ = {isa = PBXFileReference; lastKnownFileType = sourcecode.swift; path = ProgressExportService.swift; sourceTree = "<group>"; };
		AA0100000000000000000073 /* ProgressImportService.swift */ = {isa = PBXFileReference; lastKnownFileType = sourcecode.swift; path = ProgressImportService.swift; sourceTree = "<group>"; };
		AA0100000000000000000075 /* HealthKitService.swift */ = {isa = PBXFileReference; lastKnownFileType = sourcecode.swift; path = HealthKitService.swift; sourceTree = "<group>"; };
		AA010000000000000000004C /* GoldService.swift */ = {isa = PBXFileReference; lastKnownFileType = sourcecode.swift; path = GoldService.swift; sourceTree = "<group>"; };
		AA010000000000000000000E /* PersistenceController.swift */ = {isa = PBXFileReference; lastKnownFileType = sourcecode.swift; path = PersistenceController.swift; sourceTree = "<group>"; };
		AA010000000000000000004B /* OnboardingView.swift */ = {isa = PBXFileReference; lastKnownFileType = sourcecode.swift; path = OnboardingView.swift; sourceTree = "<group>"; };
		AA0100000000000000000051 /* EquipmentShopView.swift */ = {isa = PBXFileReference; lastKnownFileType = sourcecode.swift; path = EquipmentShopView.swift; sourceTree = "<group>"; };
		AA010000000000000000000F /* QuestDashboardView.swift */ = {isa = PBXFileReference; lastKnownFileType = sourcecode.swift; path = QuestDashboardView.swift; sourceTree = "<group>"; };
		AA0100000000000000000010 /* QuestListView.swift */ = {isa = PBXFileReference; lastKnownFileType = sourcecode.swift; path = QuestListView.swift; sourceTree = "<group>"; };
		AA0100000000000000000011 /* QuestDetailView.swift */ = {isa = PBXFileReference; lastKnownFileType = sourcecode.swift; path = QuestDetailView.swift; sourceTree = "<group>"; };
		AA0100000000000000000012 /* ExerciseLoggingView.swift */ = {isa = PBXFileReference; lastKnownFileType = sourcecode.swift; path = ExerciseLoggingView.swift; sourceTree = "<group>"; };
		AA0100000000000000000013 /* CharacterProgressView.swift */ = {isa = PBXFileReference; lastKnownFileType = sourcecode.swift; path = CharacterProgressView.swift; sourceTree = "<group>"; };
		AA0100000000000000000014 /* QuestHistoryView.swift */ = {isa = PBXFileReference; lastKnownFileType = sourcecode.swift; path = QuestHistoryView.swift; sourceTree = "<group>"; };
		AA0100000000000000000070 /* ExerciseMetricsView.swift */ = {isa = PBXFileReference; lastKnownFileType = sourcecode.swift; path = ExerciseMetricsView.swift; sourceTree = "<group>"; };
		AA0100000000000000000060 /* QuestCalendarView.swift */ = {isa = PBXFileReference; lastKnownFileType = sourcecode.swift; path = QuestCalendarView.swift; sourceTree = "<group>"; };
		AA0100000000000000000063 /* TrainingChartsView.swift */ = {isa = PBXFileReference; lastKnownFileType = sourcecode.swift; path = TrainingChartsView.swift; sourceTree = "<group>"; };
		AA0100000000000000000015 /* AchievementsView.swift */ = {isa = PBXFileReference; lastKnownFileType = sourcecode.swift; path = AchievementsView.swift; sourceTree = "<group>"; };
		AA0100000000000000000016 /* QuestCompletionView.swift */ = {isa = PBXFileReference; lastKnownFileType = sourcecode.swift; path = QuestCompletionView.swift; sourceTree = "<group>"; };
		AA0100000000000000000017 /* PixelQuestCard.swift */ = {isa = PBXFileReference; lastKnownFileType = sourcecode.swift; path = PixelQuestCard.swift; sourceTree = "<group>"; };
		AA0100000000000000000018 /* PixelXPBar.swift */ = {isa = PBXFileReference; lastKnownFileType = sourcecode.swift; path = PixelXPBar.swift; sourceTree = "<group>"; };
		AA0100000000000000000019 /* PixelBadge.swift */ = {isa = PBXFileReference; lastKnownFileType = sourcecode.swift; path = PixelBadge.swift; sourceTree = "<group>"; };
		AA010000000000000000001A /* PixelStatPanel.swift */ = {isa = PBXFileReference; lastKnownFileType = sourcecode.swift; path = PixelStatPanel.swift; sourceTree = "<group>"; };
		AA010000000000000000001B /* PixelButton.swift */ = {isa = PBXFileReference; lastKnownFileType = sourcecode.swift; path = PixelButton.swift; sourceTree = "<group>"; };
		AA010000000000000000001C /* PixelAchievementCard.swift */ = {isa = PBXFileReference; lastKnownFileType = sourcecode.swift; path = PixelAchievementCard.swift; sourceTree = "<group>"; };
		AA010000000000000000001D /* PixelDivider.swift */ = {isa = PBXFileReference; lastKnownFileType = sourcecode.swift; path = PixelDivider.swift; sourceTree = "<group>"; };
		AA010000000000000000001E /* QuestCompletionRewardRow.swift */ = {isa = PBXFileReference; lastKnownFileType = sourcecode.swift; path = QuestCompletionRewardRow.swift; sourceTree = "<group>"; };
		AA0100000000000000000025 /* RPGClass.swift */ = {isa = PBXFileReference; lastKnownFileType = sourcecode.swift; path = RPGClass.swift; sourceTree = "<group>"; };
		AA0100000000000000000026 /* RPGEquipment.swift */ = {isa = PBXFileReference; lastKnownFileType = sourcecode.swift; path = RPGEquipment.swift; sourceTree = "<group>"; };
		AA010000000000000000004E /* OwnedEquipment.swift */ = {isa = PBXFileReference; lastKnownFileType = sourcecode.swift; path = OwnedEquipment.swift; sourceTree = "<group>"; };
		AA0100000000000000000027 /* RPGSkill.swift */ = {isa = PBXFileReference; lastKnownFileType = sourcecode.swift; path = RPGSkill.swift; sourceTree = "<group>"; };
		AA0100000000000000000052 /* SkillProgress.swift */ = {isa = PBXFileReference; lastKnownFileType = sourcecode.swift; path = SkillProgress.swift; sourceTree = "<group>"; };
		AA0100000000000000000028 /* RPGMonster.swift */ = {isa = PBXFileReference; lastKnownFileType = sourcecode.swift; path = RPGMonster.swift; sourceTree = "<group>"; };
		AA0100000000000000000029 /* RPGBoss.swift */ = {isa = PBXFileReference; lastKnownFileType = sourcecode.swift; path = RPGBoss.swift; sourceTree = "<group>"; };
		AA010000000000000000002A /* RPGProgressionSnapshot.swift */ = {isa = PBXFileReference; lastKnownFileType = sourcecode.swift; path = RPGProgressionSnapshot.swift; sourceTree = "<group>"; };
		AA010000000000000000002B /* RPGEncounterState.swift */ = {isa = PBXFileReference; lastKnownFileType = sourcecode.swift; path = RPGEncounterState.swift; sourceTree = "<group>"; };
		AA010000000000000000002C /* RPGMonsterRegistry.swift */ = {isa = PBXFileReference; lastKnownFileType = sourcecode.swift; path = RPGMonsterRegistry.swift; sourceTree = "<group>"; };
		AA010000000000000000002D /* RPGBossRegistry.swift */ = {isa = PBXFileReference; lastKnownFileType = sourcecode.swift; path = RPGBossRegistry.swift; sourceTree = "<group>"; };
		AA010000000000000000002E /* RPGEquipmentRegistry.swift */ = {isa = PBXFileReference; lastKnownFileType = sourcecode.swift; path = RPGEquipmentRegistry.swift; sourceTree = "<group>"; };
		AA010000000000000000004F /* RPGEquipmentService.swift */ = {isa = PBXFileReference; lastKnownFileType = sourcecode.swift; path = RPGEquipmentService.swift; sourceTree = "<group>"; };
		AA010000000000000000002F /* RPGSkillRegistry.swift */ = {isa = PBXFileReference; lastKnownFileType = sourcecode.swift; path = RPGSkillRegistry.swift; sourceTree = "<group>"; };
		AA0100000000000000000053 /* SkillProgressionService.swift */ = {isa = PBXFileReference; lastKnownFileType = sourcecode.swift; path = SkillProgressionService.swift; sourceTree = "<group>"; };
		AA0100000000000000000055 /* EquipmentDropService.swift */ = {isa = PBXFileReference; lastKnownFileType = sourcecode.swift; path = EquipmentDropService.swift; sourceTree = "<group>"; };
		AA0100000000000000000030 /* MonsterSpawnService.swift */ = {isa = PBXFileReference; lastKnownFileType = sourcecode.swift; path = MonsterSpawnService.swift; sourceTree = "<group>"; };
		AA0100000000000000000031 /* BossMilestoneService.swift */ = {isa = PBXFileReference; lastKnownFileType = sourcecode.swift; path = BossMilestoneService.swift; sourceTree = "<group>"; };
		AA0100000000000000000032 /* RPGEncounterViewModel.swift */ = {isa = PBXFileReference; lastKnownFileType = sourcecode.swift; path = RPGEncounterViewModel.swift; sourceTree = "<group>"; };
		AA0100000000000000000068 /* PerceivedEffortPicker.swift */ = {isa = PBXFileReference; lastKnownFileType = sourcecode.swift; path = PerceivedEffortPicker.swift; sourceTree = "<group>"; };
		AA0100000000000000000033 /* RPGSpriteView.swift */ = {isa = PBXFileReference; lastKnownFileType = sourcecode.swift; path = RPGSpriteView.swift; sourceTree = "<group>"; };
		AA0100000000000000000034 /* RPGSceneView.swift */ = {isa = PBXFileReference; lastKnownFileType = sourcecode.swift; path = RPGSceneView.swift; sourceTree = "<group>"; };
		AA010000000000000000001F /* Assets.xcassets */ = {isa = PBXFileReference; lastKnownFileType = folder.assetcatalog; path = Assets.xcassets; sourceTree = "<group>"; };
		AA0100000000000000000022 /* ProgressionServiceTests.swift */ = {isa = PBXFileReference; lastKnownFileType = sourcecode.swift; path = ProgressionServiceTests.swift; sourceTree = "<group>"; };
		AA0100000000000000000023 /* AchievementServiceTests.swift */ = {isa = PBXFileReference; lastKnownFileType = sourcecode.swift; path = AchievementServiceTests.swift; sourceTree = "<group>"; };
		AA0100000000000000000024 /* IntegrationTests.swift */ = {isa = PBXFileReference; lastKnownFileType = sourcecode.swift; path = IntegrationTests.swift; sourceTree = "<group>"; };
		AA0100000000000000000035 /* RPGSpawnServiceTests.swift */ = {isa = PBXFileReference; lastKnownFileType = sourcecode.swift; path = RPGSpawnServiceTests.swift; sourceTree = "<group>"; };
		AA0100000000000000000036 /* RPGBossMilestoneTests.swift */ = {isa = PBXFileReference; lastKnownFileType = sourcecode.swift; path = RPGBossMilestoneTests.swift; sourceTree = "<group>"; };
		AA0100000000000000000039 /* ExerciseTemplateServiceTests.swift */ = {isa = PBXFileReference; lastKnownFileType = sourcecode.swift; path = ExerciseTemplateServiceTests.swift; sourceTree = "<group>"; };
		AA010000000000000000003C /* QuestTemplateServiceTests.swift */ = {isa = PBXFileReference; lastKnownFileType = sourcecode.swift; path = QuestTemplateServiceTests.swift; sourceTree = "<group>"; };
		AA010000000000000000003E /* QuestDuplicationServiceTests.swift */ = {isa = PBXFileReference; lastKnownFileType = sourcecode.swift; path = QuestDuplicationServiceTests.swift; sourceTree = "<group>"; };
		AA0100000000000000000040 /* QuestSchedulerTests.swift */ = {isa = PBXFileReference; lastKnownFileType = sourcecode.swift; path = QuestSchedulerTests.swift; sourceTree = "<group>"; };
		AA0100000000000000000042 /* ProgressionRebuildServiceTests.swift */ = {isa = PBXFileReference; lastKnownFileType = sourcecode.swift; path = ProgressionRebuildServiceTests.swift; sourceTree = "<group>"; };
		AA0100000000000000000044 /* ExerciseTypeTests.swift */ = {isa = PBXFileReference; lastKnownFileType = sourcecode.swift; path = ExerciseTypeTests.swift; sourceTree = "<group>"; };
		AA0100000000000000000048 /* PersonalRecordServiceTests.swift */ = {isa = PBXFileReference; lastKnownFileType = sourcecode.swift; path = PersonalRecordServiceTests.swift; sourceTree = "<group>"; };
		AA010000000000000000004A /* WeightUnitTests.swift */ = {isa = PBXFileReference; lastKnownFileType = sourcecode.swift; path = WeightUnitTests.swift; sourceTree = "<group>"; };
		AA010000000000000000004D /* GoldServiceTests.swift */ = {isa = PBXFileReference; lastKnownFileType = sourcecode.swift; path = GoldServiceTests.swift; sourceTree = "<group>"; };
		AA0100000000000000000050 /* RPGEquipmentServiceTests.swift */ = {isa = PBXFileReference; lastKnownFileType = sourcecode.swift; path = RPGEquipmentServiceTests.swift; sourceTree = "<group>"; };
		AA0100000000000000000054 /* SkillProgressionServiceTests.swift */ = {isa = PBXFileReference; lastKnownFileType = sourcecode.swift; path = SkillProgressionServiceTests.swift; sourceTree = "<group>"; };
		AA0100000000000000000056 /* EquipmentDropServiceTests.swift */ = {isa = PBXFileReference; lastKnownFileType = sourcecode.swift; path = EquipmentDropServiceTests.swift; sourceTree = "<group>"; };
		AA0100000000000000000059 /* TrainingStyleServiceTests.swift */ = {isa = PBXFileReference; lastKnownFileType = sourcecode.swift; path = TrainingStyleServiceTests.swift; sourceTree = "<group>"; };
		AA010000000000000000005B /* TrainingInsightsServiceTests.swift */ = {isa = PBXFileReference; lastKnownFileType = sourcecode.swift; path = TrainingInsightsServiceTests.swift; sourceTree = "<group>"; };
		AA010000000000000000005D /* SuggestedQuestServiceTests.swift */ = {isa = PBXFileReference; lastKnownFileType = sourcecode.swift; path = SuggestedQuestServiceTests.swift; sourceTree = "<group>"; };
		AA010000000000000000005F /* QuestCalendarServiceTests.swift */ = {isa = PBXFileReference; lastKnownFileType = sourcecode.swift; path = QuestCalendarServiceTests.swift; sourceTree = "<group>"; };
		AA0100000000000000000062 /* TrainingChartsServiceTests.swift */ = {isa = PBXFileReference; lastKnownFileType = sourcecode.swift; path = TrainingChartsServiceTests.swift; sourceTree = "<group>"; };
		AA0100000000000000000065 /* MuscleRecoveryServiceTests.swift */ = {isa = PBXFileReference; lastKnownFileType = sourcecode.swift; path = MuscleRecoveryServiceTests.swift; sourceTree = "<group>"; };
		AA0100000000000000000067 /* QuestFilterServiceTests.swift */ = {isa = PBXFileReference; lastKnownFileType = sourcecode.swift; path = QuestFilterServiceTests.swift; sourceTree = "<group>"; };
		AA0100000000000000000069 /* QuestJournalTests.swift */ = {isa = PBXFileReference; lastKnownFileType = sourcecode.swift; path = QuestJournalTests.swift; sourceTree = "<group>"; };
		AA010000000000000000006B /* RecoveryRecommendationServiceTests.swift */ = {isa = PBXFileReference; lastKnownFileType = sourcecode.swift; path = RecoveryRecommendationServiceTests.swift; sourceTree = "<group>"; };
		AA010000000000000000006D /* ExerciseNameSuggestionServiceTests.swift */ = {isa = PBXFileReference; lastKnownFileType = sourcecode.swift; path = ExerciseNameSuggestionServiceTests.swift; sourceTree = "<group>"; };
		AA010000000000000000006F /* ExerciseMetricsServiceTests.swift */ = {isa = PBXFileReference; lastKnownFileType = sourcecode.swift; path = ExerciseMetricsServiceTests.swift; sourceTree = "<group>"; };
		AA0100000000000000000072 /* ProgressExportServiceTests.swift */ = {isa = PBXFileReference; lastKnownFileType = sourcecode.swift; path = ProgressExportServiceTests.swift; sourceTree = "<group>"; };
		AA0100000000000000000074 /* ProgressImportServiceTests.swift */ = {isa = PBXFileReference; lastKnownFileType = sourcecode.swift; path = ProgressImportServiceTests.swift; sourceTree = "<group>"; };
		AA0100000000000000000076 /* HealthKitServiceTests.swift */ = {isa = PBXFileReference; lastKnownFileType = sourcecode.swift; path = HealthKitServiceTests.swift; sourceTree = "<group>"; };
		/* End PBXFileReference section */

		/* Begin PBXFrameworksBuildPhase section */
		AA0700000000000000000003 /* Frameworks */ = {
			isa = PBXFrameworksBuildPhase;
			buildActionMask = 2147483647;
			files = (
			);
			runOnlyForDeploymentPostprocessing = 0;
		};
		AA0700000000000000000005 /* Frameworks */ = {
			isa = PBXFrameworksBuildPhase;
			buildActionMask = 2147483647;
			files = (
			);
			runOnlyForDeploymentPostprocessing = 0;
		};
		/* End PBXFrameworksBuildPhase section */

		/* Begin PBXGroup section */
		AA0300000000000000000001 = {
			isa = PBXGroup;
			children = (
				AA0300000000000000000003 /* RepSetForge */,
				AA0300000000000000000009 /* RepSetForgeTests */,
				AA0300000000000000000002 /* Products */,
			);
			sourceTree = "<group>";
		};
		AA0300000000000000000002 /* Products */ = {
			isa = PBXGroup;
			children = (
				AA0100000000000000000020 /* RepSetForge.app */,
				AA0100000000000000000021 /* RepSetForgeTests.xctest */,
			);
			name = Products;
			sourceTree = "<group>";
		};
		AA0300000000000000000003 /* RepSetForge */ = {
			isa = PBXGroup;
			children = (
				AA0100000000000000000001 /* RepSetForgeApp.swift */,
				AA0100000000000000000002 /* ContentView.swift */,
				AA0100000000000000000003 /* RepSetForgeTheme.swift */,
				AA0300000000000000000004 /* Models */,
				AA0300000000000000000007 /* Services */,
				AA0300000000000000000008 /* Persistence */,
				AA0300000000000000000005 /* Views */,
				AA010000000000000000001F /* Assets.xcassets */,
			);
			path = RepSetForge;
			sourceTree = "<group>";
		};
		AA0300000000000000000004 /* Models */ = {
			isa = PBXGroup;
			children = (
				AA0100000000000000000004 /* MuscleGroup.swift */,
				AA0100000000000000000049 /* WeightUnit.swift */,
				AA0100000000000000000005 /* QuestStatus.swift */,
				AA0100000000000000000043 /* ExerciseType.swift */,
				AA0100000000000000000006 /* ExerciseSet.swift */,
				AA0100000000000000000007 /* Exercise.swift */,
				AA0100000000000000000037 /* ExerciseTemplate.swift */,
				AA0100000000000000000008 /* Quest.swift */,
				AA010000000000000000003A /* QuestTemplate.swift */,
				AA0100000000000000000009 /* PlayerCharacter.swift */,
				AA010000000000000000000A /* MuscleProgress.swift */,
				AA010000000000000000000B /* Achievement.swift */,
				AA0100000000000000000045 /* PersonalRecordType.swift */,
				AA0100000000000000000046 /* PersonalRecord.swift */,
				AA0100000000000000000057 /* TrainingStyle.swift */,
				AA0100000000000000000025 /* RPGClass.swift */,
				AA0100000000000000000026 /* RPGEquipment.swift */,
				AA010000000000000000004E /* OwnedEquipment.swift */,
				AA0100000000000000000027 /* RPGSkill.swift */,
				AA0100000000000000000052 /* SkillProgress.swift */,
				AA0100000000000000000028 /* RPGMonster.swift */,
				AA0100000000000000000029 /* RPGBoss.swift */,
				AA010000000000000000002A /* RPGProgressionSnapshot.swift */,
				AA010000000000000000002B /* RPGEncounterState.swift */,
			);
			path = Models;
			sourceTree = "<group>";
		};
		AA0300000000000000000007 /* Services */ = {
			isa = PBXGroup;
			children = (
				AA010000000000000000000C /* ProgressionService.swift */,
				AA010000000000000000000D /* AchievementService.swift */,
				AA0100000000000000000038 /* ExerciseTemplateService.swift */,
				AA010000000000000000003B /* QuestTemplateService.swift */,
				AA010000000000000000003D /* QuestDuplicationService.swift */,
				AA010000000000000000003F /* QuestScheduler.swift */,
				AA0100000000000000000041 /* ProgressionRebuildService.swift */,
				AA0100000000000000000047 /* PersonalRecordService.swift */,
				AA010000000000000000004C /* GoldService.swift */,
				AA0100000000000000000058 /* TrainingStyleService.swift */,
				AA010000000000000000005A /* TrainingInsightsService.swift */,
				AA010000000000000000005C /* SuggestedQuestService.swift */,
				AA010000000000000000005E /* QuestCalendarService.swift */,
				AA0100000000000000000061 /* TrainingChartsService.swift */,
				AA0100000000000000000064 /* MuscleRecoveryService.swift */,
				AA0100000000000000000066 /* QuestFilterService.swift */,
				AA010000000000000000006A /* RecoveryRecommendationService.swift */,
				AA010000000000000000006C /* ExerciseNameSuggestionService.swift */,
				AA010000000000000000006E /* ExerciseMetricsService.swift */,
				AA0100000000000000000071 /* ProgressExportService.swift */,
				AA0100000000000000000073 /* ProgressImportService.swift */,
				AA0100000000000000000075 /* HealthKitService.swift */,
				AA010000000000000000002C /* RPGMonsterRegistry.swift */,
				AA010000000000000000002D /* RPGBossRegistry.swift */,
				AA010000000000000000002E /* RPGEquipmentRegistry.swift */,
				AA010000000000000000004F /* RPGEquipmentService.swift */,
				AA010000000000000000002F /* RPGSkillRegistry.swift */,
				AA0100000000000000000053 /* SkillProgressionService.swift */,
				AA0100000000000000000055 /* EquipmentDropService.swift */,
				AA0100000000000000000030 /* MonsterSpawnService.swift */,
				AA0100000000000000000031 /* BossMilestoneService.swift */,
				AA0100000000000000000032 /* RPGEncounterViewModel.swift */,
			);
			path = Services;
			sourceTree = "<group>";
		};
		AA0300000000000000000008 /* Persistence */ = {
			isa = PBXGroup;
			children = (
				AA010000000000000000000E /* PersistenceController.swift */,
			);
			path = Persistence;
			sourceTree = "<group>";
		};
		AA0300000000000000000005 /* Views */ = {
			isa = PBXGroup;
			children = (
				AA010000000000000000004B /* OnboardingView.swift */,
				AA0100000000000000000051 /* EquipmentShopView.swift */,
				AA010000000000000000000F /* QuestDashboardView.swift */,
				AA0100000000000000000010 /* QuestListView.swift */,
				AA0100000000000000000011 /* QuestDetailView.swift */,
				AA0100000000000000000012 /* ExerciseLoggingView.swift */,
				AA0100000000000000000013 /* CharacterProgressView.swift */,
				AA0100000000000000000014 /* QuestHistoryView.swift */,
				AA0100000000000000000015 /* AchievementsView.swift */,
				AA0100000000000000000016 /* QuestCompletionView.swift */,
				AA0100000000000000000060 /* QuestCalendarView.swift */,
				AA0100000000000000000063 /* TrainingChartsView.swift */,
				AA0100000000000000000070 /* ExerciseMetricsView.swift */,
				AA0300000000000000000006 /* Components */,
			);
			path = Views;
			sourceTree = "<group>";
		};
		AA0300000000000000000006 /* Components */ = {
			isa = PBXGroup;
			children = (
				AA0100000000000000000017 /* PixelQuestCard.swift */,
				AA0100000000000000000018 /* PixelXPBar.swift */,
				AA0100000000000000000019 /* PixelBadge.swift */,
				AA010000000000000000001A /* PixelStatPanel.swift */,
				AA010000000000000000001B /* PixelButton.swift */,
				AA010000000000000000001C /* PixelAchievementCard.swift */,
				AA010000000000000000001D /* PixelDivider.swift */,
				AA010000000000000000001E /* QuestCompletionRewardRow.swift */,
				AA0100000000000000000068 /* PerceivedEffortPicker.swift */,
				AA0100000000000000000033 /* RPGSpriteView.swift */,
				AA0100000000000000000034 /* RPGSceneView.swift */,
			);
			path = Components;
			sourceTree = "<group>";
		};
		AA0300000000000000000009 /* RepSetForgeTests */ = {
			isa = PBXGroup;
			children = (
				AA0100000000000000000022 /* ProgressionServiceTests.swift */,
				AA0100000000000000000023 /* AchievementServiceTests.swift */,
				AA0100000000000000000024 /* IntegrationTests.swift */,
				AA0100000000000000000035 /* RPGSpawnServiceTests.swift */,
				AA0100000000000000000036 /* RPGBossMilestoneTests.swift */,
				AA0100000000000000000039 /* ExerciseTemplateServiceTests.swift */,
				AA010000000000000000003C /* QuestTemplateServiceTests.swift */,
				AA010000000000000000003E /* QuestDuplicationServiceTests.swift */,
				AA0100000000000000000040 /* QuestSchedulerTests.swift */,
				AA0100000000000000000042 /* ProgressionRebuildServiceTests.swift */,
				AA0100000000000000000044 /* ExerciseTypeTests.swift */,
				AA0100000000000000000048 /* PersonalRecordServiceTests.swift */,
				AA010000000000000000004A /* WeightUnitTests.swift */,
				AA010000000000000000004D /* GoldServiceTests.swift */,
				AA0100000000000000000050 /* RPGEquipmentServiceTests.swift */,
				AA0100000000000000000054 /* SkillProgressionServiceTests.swift */,
				AA0100000000000000000056 /* EquipmentDropServiceTests.swift */,
				AA0100000000000000000059 /* TrainingStyleServiceTests.swift */,
				AA010000000000000000005B /* TrainingInsightsServiceTests.swift */,
				AA010000000000000000005D /* SuggestedQuestServiceTests.swift */,
				AA010000000000000000005F /* QuestCalendarServiceTests.swift */,
				AA0100000000000000000062 /* TrainingChartsServiceTests.swift */,
				AA0100000000000000000065 /* MuscleRecoveryServiceTests.swift */,
				AA0100000000000000000067 /* QuestFilterServiceTests.swift */,
				AA0100000000000000000069 /* QuestJournalTests.swift */,
				AA010000000000000000006B /* RecoveryRecommendationServiceTests.swift */,
				AA010000000000000000006D /* ExerciseNameSuggestionServiceTests.swift */,
				AA010000000000000000006F /* ExerciseMetricsServiceTests.swift */,
				AA0100000000000000000072 /* ProgressExportServiceTests.swift */,
				AA0100000000000000000074 /* ProgressImportServiceTests.swift */,
				AA0100000000000000000076 /* HealthKitServiceTests.swift */,
			);
			path = RepSetForgeTests;
			sourceTree = "<group>";
		};
		/* End PBXGroup section */

		/* Begin PBXNativeTarget section */
		AA0400000000000000000001 /* RepSetForge */ = {
			isa = PBXNativeTarget;
			buildConfigurationList = AA0500000000000000000002 /* Build configuration list for PBXNativeTarget "RepSetForge" */;
			buildPhases = (
				AA0700000000000000000001 /* Sources */,
				AA0700000000000000000003 /* Frameworks */,
				AA0700000000000000000002 /* Resources */,
			);
			buildRules = (
			);
			dependencies = (
			);
			name = RepSetForge;
			productName = RepSetForge;
			productReference = AA0100000000000000000020 /* RepSetForge.app */;
			productType = "com.apple.product-type.application";
		};
		AA0400000000000000000002 /* RepSetForgeTests */ = {
			isa = PBXNativeTarget;
			buildConfigurationList = AA0500000000000000000003 /* Build configuration list for PBXNativeTarget "RepSetForgeTests" */;
			buildPhases = (
				AA0700000000000000000004 /* Sources */,
				AA0700000000000000000005 /* Frameworks */,
			);
			buildRules = (
			);
			dependencies = (
				AA0900000000000000000001 /* PBXTargetDependency */,
			);
			name = RepSetForgeTests;
			productName = RepSetForgeTests;
			productReference = AA0100000000000000000021 /* RepSetForgeTests.xctest */;
			productType = "com.apple.product-type.bundle.unit-test";
		};
		/* End PBXNativeTarget section */

		/* Begin PBXProject section */
		AA0000000000000000000001 /* Project object */ = {
			isa = PBXProject;
			attributes = {
				BuildIndependentTargetsInParallel = 1;
				LastSwiftUpdateCheck = 1600;
				LastUpgradeCheck = 1600;
				TargetAttributes = {
					AA0400000000000000000001 = {
						CreatedOnToolsVersion = 16.0;
						DevelopmentTeam = 5T5444U7W2;
						ProvisioningStyle = Automatic;
					};
					AA0400000000000000000002 = {
						CreatedOnToolsVersion = 16.0;
						DevelopmentTeam = 5T5444U7W2;
						ProvisioningStyle = Automatic;
						TestTargetID = AA0400000000000000000001;
					};
				};
			};
			buildConfigurationList = AA0500000000000000000001 /* Build configuration list for PBXProject "RepSetForge" */;
			compatibilityVersion = "Xcode 14.0";
			developmentRegion = en;
			hasScannedForEncodings = 0;
			knownRegions = (
				en,
				Base,
			);
			mainGroup = AA0300000000000000000001;
			productRefGroup = AA0300000000000000000002 /* Products */;
			projectDirPath = "";
			projectRoot = "";
			targets = (
				AA0400000000000000000001 /* RepSetForge */,
				AA0400000000000000000002 /* RepSetForgeTests */,
			);
		};
		/* End PBXProject section */

		/* Begin PBXResourcesBuildPhase section */
		AA0700000000000000000002 /* Resources */ = {
			isa = PBXResourcesBuildPhase;
			buildActionMask = 2147483647;
			files = (
				AA020000000000000000001F /* Assets.xcassets in Resources */,
			);
			runOnlyForDeploymentPostprocessing = 0;
		};
		/* End PBXResourcesBuildPhase section */

		/* Begin PBXSourcesBuildPhase section */
		AA0700000000000000000001 /* Sources */ = {
			isa = PBXSourcesBuildPhase;
			buildActionMask = 2147483647;
			files = (
				AA0200000000000000000001 /* RepSetForgeApp.swift in Sources */,
				AA0200000000000000000002 /* ContentView.swift in Sources */,
				AA0200000000000000000003 /* RepSetForgeTheme.swift in Sources */,
				AA0200000000000000000004 /* MuscleGroup.swift in Sources */,
				AA0200000000000000000049 /* WeightUnit.swift in Sources */,
				AA0200000000000000000005 /* QuestStatus.swift in Sources */,
				AA0200000000000000000043 /* ExerciseType.swift in Sources */,
				AA0200000000000000000006 /* ExerciseSet.swift in Sources */,
				AA0200000000000000000007 /* Exercise.swift in Sources */,
				AA0200000000000000000037 /* ExerciseTemplate.swift in Sources */,
				AA0200000000000000000008 /* Quest.swift in Sources */,
				AA020000000000000000003A /* QuestTemplate.swift in Sources */,
				AA0200000000000000000009 /* PlayerCharacter.swift in Sources */,
				AA020000000000000000000A /* MuscleProgress.swift in Sources */,
				AA020000000000000000000B /* Achievement.swift in Sources */,
				AA0200000000000000000045 /* PersonalRecordType.swift in Sources */,
				AA0200000000000000000057 /* TrainingStyle.swift in Sources */,
				AA0200000000000000000046 /* PersonalRecord.swift in Sources */,
				AA020000000000000000000C /* ProgressionService.swift in Sources */,
				AA020000000000000000000D /* AchievementService.swift in Sources */,
				AA0200000000000000000038 /* ExerciseTemplateService.swift in Sources */,
				AA020000000000000000003B /* QuestTemplateService.swift in Sources */,
				AA020000000000000000003D /* QuestDuplicationService.swift in Sources */,
				AA020000000000000000003F /* QuestScheduler.swift in Sources */,
				AA0200000000000000000041 /* ProgressionRebuildService.swift in Sources */,
				AA0200000000000000000047 /* PersonalRecordService.swift in Sources */,
				AA0200000000000000000058 /* TrainingStyleService.swift in Sources */,
				AA020000000000000000005A /* TrainingInsightsService.swift in Sources */,
				AA020000000000000000005C /* SuggestedQuestService.swift in Sources */,
				AA020000000000000000005E /* QuestCalendarService.swift in Sources */,
				AA0200000000000000000061 /* TrainingChartsService.swift in Sources */,
				AA0200000000000000000064 /* MuscleRecoveryService.swift in Sources */,
				AA0200000000000000000066 /* QuestFilterService.swift in Sources */,
				AA020000000000000000006A /* RecoveryRecommendationService.swift in Sources */,
				AA020000000000000000006C /* ExerciseNameSuggestionService.swift in Sources */,
				AA020000000000000000006E /* ExerciseMetricsService.swift in Sources */,
				AA0200000000000000000071 /* ProgressExportService.swift in Sources */,
				AA0200000000000000000073 /* ProgressImportService.swift in Sources */,
				AA0200000000000000000075 /* HealthKitService.swift in Sources */,
				AA020000000000000000004C /* GoldService.swift in Sources */,
				AA020000000000000000000E /* PersistenceController.swift in Sources */,
				AA020000000000000000004B /* OnboardingView.swift in Sources */,
				AA0200000000000000000051 /* EquipmentShopView.swift in Sources */,
				AA020000000000000000000F /* QuestDashboardView.swift in Sources */,
				AA0200000000000000000010 /* QuestListView.swift in Sources */,
				AA0200000000000000000011 /* QuestDetailView.swift in Sources */,
				AA0200000000000000000012 /* ExerciseLoggingView.swift in Sources */,
				AA0200000000000000000013 /* CharacterProgressView.swift in Sources */,
				AA0200000000000000000014 /* QuestHistoryView.swift in Sources */,
				AA0200000000000000000070 /* ExerciseMetricsView.swift in Sources */,
				AA0200000000000000000060 /* QuestCalendarView.swift in Sources */,
				AA0200000000000000000063 /* TrainingChartsView.swift in Sources */,
				AA0200000000000000000015 /* AchievementsView.swift in Sources */,
				AA0200000000000000000016 /* QuestCompletionView.swift in Sources */,
				AA0200000000000000000017 /* PixelQuestCard.swift in Sources */,
				AA0200000000000000000018 /* PixelXPBar.swift in Sources */,
				AA0200000000000000000019 /* PixelBadge.swift in Sources */,
				AA020000000000000000001A /* PixelStatPanel.swift in Sources */,
				AA020000000000000000001B /* PixelButton.swift in Sources */,
				AA020000000000000000001C /* PixelAchievementCard.swift in Sources */,
				AA020000000000000000001D /* PixelDivider.swift in Sources */,
				AA020000000000000000001E /* QuestCompletionRewardRow.swift in Sources */,
				AA0200000000000000000025 /* RPGClass.swift in Sources */,
				AA0200000000000000000026 /* RPGEquipment.swift in Sources */,
				AA020000000000000000004E /* OwnedEquipment.swift in Sources */,
				AA0200000000000000000027 /* RPGSkill.swift in Sources */,
				AA0200000000000000000052 /* SkillProgress.swift in Sources */,
				AA0200000000000000000028 /* RPGMonster.swift in Sources */,
				AA0200000000000000000029 /* RPGBoss.swift in Sources */,
				AA020000000000000000002A /* RPGProgressionSnapshot.swift in Sources */,
				AA020000000000000000002B /* RPGEncounterState.swift in Sources */,
				AA020000000000000000002C /* RPGMonsterRegistry.swift in Sources */,
				AA020000000000000000002D /* RPGBossRegistry.swift in Sources */,
				AA020000000000000000002E /* RPGEquipmentRegistry.swift in Sources */,
				AA020000000000000000004F /* RPGEquipmentService.swift in Sources */,
				AA020000000000000000002F /* RPGSkillRegistry.swift in Sources */,
				AA0200000000000000000053 /* SkillProgressionService.swift in Sources */,
				AA0200000000000000000055 /* EquipmentDropService.swift in Sources */,
				AA0200000000000000000030 /* MonsterSpawnService.swift in Sources */,
				AA0200000000000000000031 /* BossMilestoneService.swift in Sources */,
				AA0200000000000000000032 /* RPGEncounterViewModel.swift in Sources */,
				AA0200000000000000000068 /* PerceivedEffortPicker.swift in Sources */,
				AA0200000000000000000033 /* RPGSpriteView.swift in Sources */,
				AA0200000000000000000034 /* RPGSceneView.swift in Sources */,
			);
			runOnlyForDeploymentPostprocessing = 0;
		};
		AA0700000000000000000004 /* Sources */ = {
			isa = PBXSourcesBuildPhase;
			buildActionMask = 2147483647;
			files = (
				AA0200000000000000000022 /* ProgressionServiceTests.swift in Sources */,
				AA0200000000000000000023 /* AchievementServiceTests.swift in Sources */,
				AA0200000000000000000024 /* IntegrationTests.swift in Sources */,
				AA0200000000000000000035 /* RPGSpawnServiceTests.swift in Sources */,
				AA0200000000000000000036 /* RPGBossMilestoneTests.swift in Sources */,
				AA0200000000000000000039 /* ExerciseTemplateServiceTests.swift in Sources */,
				AA020000000000000000003C /* QuestTemplateServiceTests.swift in Sources */,
				AA020000000000000000003E /* QuestDuplicationServiceTests.swift in Sources */,
				AA0200000000000000000040 /* QuestSchedulerTests.swift in Sources */,
				AA0200000000000000000042 /* ProgressionRebuildServiceTests.swift in Sources */,
				AA0200000000000000000044 /* ExerciseTypeTests.swift in Sources */,
				AA0200000000000000000048 /* PersonalRecordServiceTests.swift in Sources */,
				AA020000000000000000004A /* WeightUnitTests.swift in Sources */,
				AA020000000000000000004D /* GoldServiceTests.swift in Sources */,
				AA0200000000000000000050 /* RPGEquipmentServiceTests.swift in Sources */,
				AA0200000000000000000054 /* SkillProgressionServiceTests.swift in Sources */,
				AA0200000000000000000056 /* EquipmentDropServiceTests.swift in Sources */,
				AA0200000000000000000059 /* TrainingStyleServiceTests.swift in Sources */,
				AA020000000000000000005B /* TrainingInsightsServiceTests.swift in Sources */,
				AA020000000000000000005D /* SuggestedQuestServiceTests.swift in Sources */,
				AA020000000000000000005F /* QuestCalendarServiceTests.swift in Sources */,
				AA0200000000000000000062 /* TrainingChartsServiceTests.swift in Sources */,
				AA0200000000000000000065 /* MuscleRecoveryServiceTests.swift in Sources */,
				AA0200000000000000000067 /* QuestFilterServiceTests.swift in Sources */,
				AA0200000000000000000069 /* QuestJournalTests.swift in Sources */,
				AA020000000000000000006B /* RecoveryRecommendationServiceTests.swift in Sources */,
				AA020000000000000000006D /* ExerciseNameSuggestionServiceTests.swift in Sources */,
				AA020000000000000000006F /* ExerciseMetricsServiceTests.swift in Sources */,
				AA0200000000000000000072 /* ProgressExportServiceTests.swift in Sources */,
				AA0200000000000000000074 /* ProgressImportServiceTests.swift in Sources */,
				AA0200000000000000000076 /* HealthKitServiceTests.swift in Sources */,
			);
			runOnlyForDeploymentPostprocessing = 0;
		};
		/* End PBXSourcesBuildPhase section */

		/* Begin PBXTargetDependency section */
		AA0900000000000000000001 /* PBXTargetDependency */ = {
			isa = PBXTargetDependency;
			target = AA0400000000000000000001 /* RepSetForge */;
			targetProxy = AA0900000000000000000002 /* PBXContainerItemProxy */;
		};
		/* End PBXTargetDependency section */

		/* Begin XCBuildConfiguration section */
		AA0600000000000000000001 /* Debug */ = {
			isa = XCBuildConfiguration;
			buildSettings = {
				ALWAYS_SEARCH_USER_PATHS = NO;
				CLANG_ANALYZER_NONNULL = YES;
				CLANG_ANALYZER_NUMBER_OBJECT_CONVERSION = YES_AGGRESSIVE;
				CLANG_CXX_LANGUAGE_STANDARD = "gnu++20";
				CLANG_ENABLE_MODULES = YES;
				CLANG_ENABLE_OBJC_ARC = YES;
				CLANG_ENABLE_OBJC_WEAK = YES;
				CLANG_WARN_BLOCK_CAPTURE_AUTORELEASING = YES;
				CLANG_WARN_BOOL_CONVERSION = YES;
				CLANG_WARN_COMMA = YES;
				CLANG_WARN_CONSTANT_CONVERSION = YES;
				CLANG_WARN_DEPRECATED_OBJC_IMPLEMENTATIONS = YES;
				CLANG_WARN_DIRECT_OBJC_ISA_USAGE = YES_ERROR;
				CLANG_WARN_DOCUMENTATION_COMMENTS = YES;
				CLANG_WARN_EMPTY_BODY = YES;
				CLANG_WARN_ENUM_CONVERSION = YES;
				CLANG_WARN_INFINITE_RECURSION = YES;
				CLANG_WARN_INT_CONVERSION = YES;
				CLANG_WARN_NON_LITERAL_NULL_CONVERSION = YES;
				CLANG_WARN_OBJC_IMPLICIT_RETAIN_SELF = YES;
				CLANG_WARN_OBJC_LITERAL_CONVERSION = YES;
				CLANG_WARN_OBJC_ROOT_CLASS = YES_ERROR;
				CLANG_WARN_QUOTED_INCLUDE_IN_FRAMEWORK_HEADER = YES;
				CLANG_WARN_RANGE_LOOP_ANALYSIS = YES;
				CLANG_WARN_STRICT_PROTOTYPES = YES;
				CLANG_WARN_SUSPICIOUS_MOVE = YES;
				CLANG_WARN_UNGUARDED_AVAILABILITY = YES_AGGRESSIVE;
				CLANG_WARN_UNREACHABLE_CODE = YES;
				CLANG_WARN__DUPLICATE_METHOD_MATCH = YES;
				COPY_PHASE_STRIP = NO;
				DEBUG_INFORMATION_FORMAT = dwarf;
				ENABLE_NS_ASSERTIONS = YES;
				ENABLE_STRICT_OBJC_MSGSEND = YES;
				GCC_C_LANGUAGE_STANDARD = gnu17;
				GCC_DYNAMIC_NO_PIC = NO;
				GCC_NO_COMMON_BLOCKS = YES;
				GCC_OPTIMIZATION_LEVEL = 0;
				GCC_PREPROCESSOR_DEFINITIONS = (
					"DEBUG=1",
					"$(inherited)",
				);
				GCC_WARN_64_TO_32_BIT_CONVERSION = YES;
				GCC_WARN_ABOUT_RETURN_TYPE = YES_ERROR;
				GCC_WARN_UNDECLARED_SELECTOR = YES;
				GCC_WARN_UNINITIALIZED_AUTOS = YES_AGGRESSIVE;
				GCC_WARN_UNUSED_FUNCTION = YES;
				GCC_WARN_UNUSED_VARIABLE = YES;
				IPHONEOS_DEPLOYMENT_TARGET = 17.0;
				MTL_ENABLE_DEBUG_INFO = INCLUDE_SOURCE;
				MTL_FAST_MATH = YES;
				ONLY_ACTIVE_ARCH = YES;
				SDKROOT = iphoneos;
				SWIFT_ACTIVE_COMPILATION_CONDITIONS = "DEBUG $(inherited)";
				SWIFT_OPTIMIZATION_LEVEL = "-Onone";
			};
			name = Debug;
		};
		AA0600000000000000000002 /* Release */ = {
			isa = XCBuildConfiguration;
			buildSettings = {
				ALWAYS_SEARCH_USER_PATHS = NO;
				CLANG_ANALYZER_NONNULL = YES;
				CLANG_ANALYZER_NUMBER_OBJECT_CONVERSION = YES_AGGRESSIVE;
				CLANG_CXX_LANGUAGE_STANDARD = "gnu++20";
				CLANG_ENABLE_MODULES = YES;
				CLANG_ENABLE_OBJC_ARC = YES;
				CLANG_ENABLE_OBJC_WEAK = YES;
				CLANG_WARN_BLOCK_CAPTURE_AUTORELEASING = YES;
				CLANG_WARN_BOOL_CONVERSION = YES;
				CLANG_WARN_COMMA = YES;
				CLANG_WARN_CONSTANT_CONVERSION = YES;
				CLANG_WARN_DEPRECATED_OBJC_IMPLEMENTATIONS = YES;
				CLANG_WARN_DIRECT_OBJC_ISA_USAGE = YES_ERROR;
				CLANG_WARN_DOCUMENTATION_COMMENTS = YES;
				CLANG_WARN_EMPTY_BODY = YES;
				CLANG_WARN_ENUM_CONVERSION = YES;
				CLANG_WARN_INFINITE_RECURSION = YES;
				CLANG_WARN_INT_CONVERSION = YES;
				CLANG_WARN_NON_LITERAL_NULL_CONVERSION = YES;
				CLANG_WARN_OBJC_IMPLICIT_RETAIN_SELF = YES;
				CLANG_WARN_OBJC_LITERAL_CONVERSION = YES;
				CLANG_WARN_OBJC_ROOT_CLASS = YES_ERROR;
				CLANG_WARN_QUOTED_INCLUDE_IN_FRAMEWORK_HEADER = YES;
				CLANG_WARN_RANGE_LOOP_ANALYSIS = YES;
				CLANG_WARN_STRICT_PROTOTYPES = YES;
				CLANG_WARN_SUSPICIOUS_MOVE = YES;
				CLANG_WARN_UNGUARDED_AVAILABILITY = YES_AGGRESSIVE;
				CLANG_WARN_UNREACHABLE_CODE = YES;
				CLANG_WARN__DUPLICATE_METHOD_MATCH = YES;
				COPY_PHASE_STRIP = NO;
				DEBUG_INFORMATION_FORMAT = dwarf-with-dsym;
				ENABLE_NS_ASSERTIONS = NO;
				ENABLE_STRICT_OBJC_MSGSEND = YES;
				GCC_C_LANGUAGE_STANDARD = gnu17;
				GCC_DYNAMIC_NO_PIC = YES;
				GCC_NO_COMMON_BLOCKS = YES;
				GCC_OPTIMIZATION_LEVEL = s;
				GCC_PREPROCESSOR_DEFINITIONS = (
					"$(inherited)",
				);
				GCC_WARN_64_TO_32_BIT_CONVERSION = YES;
				GCC_WARN_ABOUT_RETURN_TYPE = YES_ERROR;
				GCC_WARN_UNDECLARED_SELECTOR = YES;
				GCC_WARN_UNINITIALIZED_AUTOS = YES_AGGRESSIVE;
				GCC_WARN_UNUSED_FUNCTION = YES;
				GCC_WARN_UNUSED_VARIABLE = YES;
				IPHONEOS_DEPLOYMENT_TARGET = 17.0;
				MTL_ENABLE_DEBUG_INFO = NO;
				MTL_FAST_MATH = YES;
				ONLY_ACTIVE_ARCH = NO;
				SDKROOT = iphoneos;
				SWIFT_OPTIMIZATION_LEVEL = "-O";
			};
			name = Release;
		};
		AA0600000000000000000003 /* Debug */ = {
			isa = XCBuildConfiguration;
			buildSettings = {
				ASSETCATALOG_COMPILER_APPICON_NAME = AppIcon;
				ASSETCATALOG_COMPILER_GLOBAL_ACCENT_COLOR_NAME = AccentColor;
				CODE_SIGN_ENTITLEMENTS = RepSetForge/RepSetForge.entitlements;
				CODE_SIGN_STYLE = Automatic;
				DEVELOPMENT_TEAM = 5T5444U7W2;
				ENABLE_TESTABILITY = YES;
				CURRENT_PROJECT_VERSION = 1;
				ENABLE_PREVIEWS = YES;
				GENERATE_INFOPLIST_FILE = YES;
				INFOPLIST_KEY_CFBundleDisplayName = RepSetForge;
				INFOPLIST_KEY_ITSAppUsesNonExemptEncryption = NO;
				INFOPLIST_KEY_NSHealthShareUsageDescription = "RepSetForge reads your workout, heart rate, and body metric history from Health to keep your quest log complete.";
				INFOPLIST_KEY_NSHealthUpdateUsageDescription = "RepSetForge saves completed quests to Health as workouts so they show up alongside your other activity.";
				INFOPLIST_KEY_UIApplicationSceneManifest_Generation = YES;
				INFOPLIST_KEY_UIApplicationSupportsIndirectInputEvents = YES;
				INFOPLIST_KEY_UILaunchScreen_Generation = YES;
				INFOPLIST_KEY_UISupportedInterfaceOrientations_iPad = "UIInterfaceOrientationLandscapeLeft UIInterfaceOrientationLandscapeRight UIInterfaceOrientationPortrait UIInterfaceOrientationPortraitUpsideDown";
				INFOPLIST_KEY_UISupportedInterfaceOrientations_iPhone = "UIInterfaceOrientationLandscapeLeft UIInterfaceOrientationLandscapeRight UIInterfaceOrientationPortrait";
				IPHONEOS_DEPLOYMENT_TARGET = 17.0;
				MARKETING_VERSION = 1.0;
				PRODUCT_BUNDLE_IDENTIFIER = dev.gnwn.RepSetForge;
				PRODUCT_NAME = "$(TARGET_NAME)";
				SDKROOT = iphoneos;
				SUPPORTED_PLATFORMS = "iphoneos iphonesimulator";
				SWIFT_EMIT_LOC_STRINGS = YES;
				SWIFT_VERSION = 6.0;
				TARGETED_DEVICE_FAMILY = "1,2";
			};
			name = Debug;
		};
		AA0600000000000000000004 /* Release */ = {
			isa = XCBuildConfiguration;
			buildSettings = {
				ASSETCATALOG_COMPILER_APPICON_NAME = AppIcon;
				ASSETCATALOG_COMPILER_GLOBAL_ACCENT_COLOR_NAME = AccentColor;
				CODE_SIGN_ENTITLEMENTS = RepSetForge/RepSetForge.entitlements;
				CODE_SIGN_STYLE = Automatic;
				DEVELOPMENT_TEAM = 5T5444U7W2;
				CURRENT_PROJECT_VERSION = 1;
				ENABLE_PREVIEWS = YES;
				GENERATE_INFOPLIST_FILE = YES;
				INFOPLIST_KEY_CFBundleDisplayName = RepSetForge;
				INFOPLIST_KEY_ITSAppUsesNonExemptEncryption = NO;
				INFOPLIST_KEY_NSHealthShareUsageDescription = "RepSetForge reads your workout, heart rate, and body metric history from Health to keep your quest log complete.";
				INFOPLIST_KEY_NSHealthUpdateUsageDescription = "RepSetForge saves completed quests to Health as workouts so they show up alongside your other activity.";
				INFOPLIST_KEY_UIApplicationSceneManifest_Generation = YES;
				INFOPLIST_KEY_UIApplicationSupportsIndirectInputEvents = YES;
				INFOPLIST_KEY_UILaunchScreen_Generation = YES;
				INFOPLIST_KEY_UISupportedInterfaceOrientations_iPad = "UIInterfaceOrientationLandscapeLeft UIInterfaceOrientationLandscapeRight UIInterfaceOrientationPortrait UIInterfaceOrientationPortraitUpsideDown";
				INFOPLIST_KEY_UISupportedInterfaceOrientations_iPhone = "UIInterfaceOrientationLandscapeLeft UIInterfaceOrientationLandscapeRight UIInterfaceOrientationPortrait";
				IPHONEOS_DEPLOYMENT_TARGET = 17.0;
				MARKETING_VERSION = 1.0;
				PRODUCT_BUNDLE_IDENTIFIER = dev.gnwn.RepSetForge;
				PRODUCT_NAME = "$(TARGET_NAME)";
				SDKROOT = iphoneos;
				SUPPORTED_PLATFORMS = "iphoneos iphonesimulator";
				SWIFT_EMIT_LOC_STRINGS = YES;
				SWIFT_VERSION = 6.0;
				TARGETED_DEVICE_FAMILY = "1,2";
			};
			name = Release;
		};
		AA0600000000000000000005 /* Debug */ = {
			isa = XCBuildConfiguration;
			buildSettings = {
				BUNDLE_LOADER = "$(TEST_HOST)";
				CODE_SIGN_STYLE = Automatic;
				DEVELOPMENT_TEAM = 5T5444U7W2;
				CURRENT_PROJECT_VERSION = 1;
				GENERATE_INFOPLIST_FILE = YES;
				IPHONEOS_DEPLOYMENT_TARGET = 17.0;
				MARKETING_VERSION = 1.0;
				PRODUCT_BUNDLE_IDENTIFIER = dev.gnwn.RepSetForgeTests;
				PRODUCT_NAME = "$(TARGET_NAME)";
				SDKROOT = iphoneos;
				SUPPORTED_PLATFORMS = "iphoneos iphonesimulator";
				SWIFT_VERSION = 6.0;
				TARGETED_DEVICE_FAMILY = "1,2";
				TEST_HOST = "$(BUILT_PRODUCTS_DIR)/RepSetForge.app/$(BUNDLE_EXECUTABLE_FOLDER_PATH)/RepSetForge";
			};
			name = Debug;
		};
		AA0600000000000000000006 /* Release */ = {
			isa = XCBuildConfiguration;
			buildSettings = {
				BUNDLE_LOADER = "$(TEST_HOST)";
				CODE_SIGN_STYLE = Automatic;
				DEVELOPMENT_TEAM = 5T5444U7W2;
				CURRENT_PROJECT_VERSION = 1;
				GENERATE_INFOPLIST_FILE = YES;
				IPHONEOS_DEPLOYMENT_TARGET = 17.0;
				MARKETING_VERSION = 1.0;
				PRODUCT_BUNDLE_IDENTIFIER = dev.gnwn.RepSetForgeTests;
				PRODUCT_NAME = "$(TARGET_NAME)";
				SDKROOT = iphoneos;
				SUPPORTED_PLATFORMS = "iphoneos iphonesimulator";
				SWIFT_VERSION = 6.0;
				TARGETED_DEVICE_FAMILY = "1,2";
				TEST_HOST = "$(BUILT_PRODUCTS_DIR)/RepSetForge.app/$(BUNDLE_EXECUTABLE_FOLDER_PATH)/RepSetForge";
			};
			name = Release;
		};
		/* End XCBuildConfiguration section */

		/* Begin XCConfigurationList section */
		AA0500000000000000000001 /* Build configuration list for PBXProject "RepSetForge" */ = {
			isa = XCConfigurationList;
			buildConfigurations = (
				AA0600000000000000000001 /* Debug */,
				AA0600000000000000000002 /* Release */,
			);
			defaultConfigurationIsVisible = 0;
			defaultConfigurationName = Release;
		};
		AA0500000000000000000002 /* Build configuration list for PBXNativeTarget "RepSetForge" */ = {
			isa = XCConfigurationList;
			buildConfigurations = (
				AA0600000000000000000003 /* Debug */,
				AA0600000000000000000004 /* Release */,
			);
			defaultConfigurationIsVisible = 0;
			defaultConfigurationName = Release;
		};
		AA0500000000000000000003 /* Build configuration list for PBXNativeTarget "RepSetForgeTests" */ = {
			isa = XCConfigurationList;
			buildConfigurations = (
				AA0600000000000000000005 /* Debug */,
				AA0600000000000000000006 /* Release */,
			);
			defaultConfigurationIsVisible = 0;
			defaultConfigurationName = Release;
		};
		/* End XCConfigurationList section */

	};
	rootObject = AA0000000000000000000001 /* Project object */;
}