// !$*UTF8*$!
{
	archiveVersion = 1;
	classes = {
	};
	objectVersion = 56;
	objects = {

/* Begin PBXBuildFile section */
		100000000000000000000001 /* RepSetForgeApp.swift in Sources */ = {isa = PBXBuildFile; fileRef = 100000000000000000000011 /* RepSetForgeApp.swift */; };
		100000000000000000000002 /* RootView.swift in Sources */ = {isa = PBXBuildFile; fileRef = 100000000000000000000012 /* RootView.swift */; };
		100000000000000000000003 /* DesignTokens.swift in Sources */ = {isa = PBXBuildFile; fileRef = 100000000000000000000013 /* DesignTokens.swift */; };
		100000000000000000000004 /* RepSetForgeWidgetBundle.swift in Sources */ = {isa = PBXBuildFile; fileRef = 100000000000000000000021 /* RepSetForgeWidgetBundle.swift */; };
		100000000000000000000005 /* RepSetForgeLiveActivity.swift in Sources */ = {isa = PBXBuildFile; fileRef = 100000000000000000000022 /* RepSetForgeLiveActivity.swift */; };
		100000000000000000000006 /* RepSetForgeWidget.appex in Embed App Extensions */ = {isa = PBXBuildFile; fileRef = 100000000000000000000032 /* RepSetForgeWidget.appex */; settings = {ATTRIBUTES = (RemoveHeadersOnCopy, ); }; };
		100000000000000000000090 /* TrainingModels.swift in Sources */ = {isa = PBXBuildFile; fileRef = 1000000000000000000000A0 /* TrainingModels.swift */; };
		100000000000000000000091 /* ModelContainerFactory.swift in Sources */ = {isa = PBXBuildFile; fileRef = 1000000000000000000000A1 /* ModelContainerFactory.swift */; };
		100000000000000000000092 /* StrengthMath.swift in Sources */ = {isa = PBXBuildFile; fileRef = 1000000000000000000000A2 /* StrengthMath.swift */; };
		100000000000000000000093 /* ExerciseDeduplicator.swift in Sources */ = {isa = PBXBuildFile; fileRef = 1000000000000000000000A3 /* ExerciseDeduplicator.swift */; };
		100000000000000000000094 /* SessionRestorePolicy.swift in Sources */ = {isa = PBXBuildFile; fileRef = 1000000000000000000000A4 /* SessionRestorePolicy.swift */; };
		100000000000000000000095 /* PRRebuilder.swift in Sources */ = {isa = PBXBuildFile; fileRef = 1000000000000000000000A5 /* PRRebuilder.swift */; };
		10000000000000000000009A /* FocusWorkoutStore.swift in Sources */ = {isa = PBXBuildFile; fileRef = 1000000000000000000000A6 /* FocusWorkoutStore.swift */; };
		10000000000000000000009B /* FocusWorkoutView.swift in Sources */ = {isa = PBXBuildFile; fileRef = 1000000000000000000000A7 /* FocusWorkoutView.swift */; };
		1000000000000000000000F0 /* RepSetForgeActivityAttributes.swift in Sources */ = {isa = PBXBuildFile; fileRef = 1000000000000000000000F3 /* RepSetForgeActivityAttributes.swift */; };
		1000000000000000000000F1 /* WorkoutActivityController.swift in Sources */ = {isa = PBXBuildFile; fileRef = 1000000000000000000000F4 /* WorkoutActivityController.swift */; };
		1000000000000000000000F2 /* RepSetForgeActivityAttributes.swift in Sources */ = {isa = PBXBuildFile; fileRef = 1000000000000000000000F3 /* RepSetForgeActivityAttributes.swift */; };
		1000000000000000000000F5 /* DesignTokens.swift in Sources */ = {isa = PBXBuildFile; fileRef = 100000000000000000000013 /* DesignTokens.swift */; };
		1000000000000000000000F6 /* AppIntents.framework in Frameworks */ = {isa = PBXBuildFile; fileRef = 1000000000000000000000F7 /* AppIntents.framework */; };
		100000000000000000000096 /* StrengthMathTests.swift in Sources */ = {isa = PBXBuildFile; fileRef = 1000000000000000000000B0 /* StrengthMathTests.swift */; };
		100000000000000000000097 /* ExerciseDeduplicatorTests.swift in Sources */ = {isa = PBXBuildFile; fileRef = 1000000000000000000000B1 /* ExerciseDeduplicatorTests.swift */; };
		100000000000000000000098 /* SessionRestorePolicyTests.swift in Sources */ = {isa = PBXBuildFile; fileRef = 1000000000000000000000B2 /* SessionRestorePolicyTests.swift */; };
		100000000000000000000099 /* PRRebuilderTests.swift in Sources */ = {isa = PBXBuildFile; fileRef = 1000000000000000000000B3 /* PRRebuilderTests.swift */; };
		10000000000000000000009C /* FocusWorkoutStoreTests.swift in Sources */ = {isa = PBXBuildFile; fileRef = 1000000000000000000000B5 /* FocusWorkoutStoreTests.swift */; };
/* End PBXBuildFile section */

/* Begin PBXContainerItemProxy section */
		100000000000000000000007 /* PBXContainerItemProxy */ = {
			isa = PBXContainerItemProxy;
			containerPortal = 100000000000000000000040 /* Project object */;
			proxyType = 1;
			remoteGlobalIDString = 100000000000000000000052;
			remoteInfo = RepSetForgeWidget;
		};
/* End PBXContainerItemProxy section */

/* Begin PBXCopyFilesBuildPhase section */
		100000000000000000000008 /* Embed App Extensions */ = {
			isa = PBXCopyFilesBuildPhase;
			buildActionMask = 2147483647;
			dstPath = "";
			dstSubfolderSpec = 13;
			files = (
				100000000000000000000006 /* RepSetForgeWidget.appex in Embed App Extensions */,
			);
			name = "Embed App Extensions";
			runOnlyForDeploymentPostprocessing = 0;
		};
/* End PBXCopyFilesBuildPhase section */

/* Begin PBXFileReference section */
		100000000000000000000011 /* RepSetForgeApp.swift */ = {isa = PBXFileReference; lastKnownFileType = sourcecode.swift; path = RepSetForgeApp.swift; sourceTree = "<group>"; };
		100000000000000000000012 /* RootView.swift */ = {isa = PBXFileReference; lastKnownFileType = sourcecode.swift; path = RootView.swift; sourceTree = "<group>"; };
		100000000000000000000013 /* DesignTokens.swift */ = {isa = PBXFileReference; lastKnownFileType = sourcecode.swift; path = Design/DesignTokens.swift; sourceTree = "<group>"; };
		100000000000000000000014 /* Info.plist */ = {isa = PBXFileReference; lastKnownFileType = text.plist.xml; path = Info.plist; sourceTree = "<group>"; };
		100000000000000000000015 /* RepSetForge.entitlements */ = {isa = PBXFileReference; lastKnownFileType = text.plist.entitlements; path = RepSetForge.entitlements; sourceTree = "<group>"; };
		100000000000000000000021 /* RepSetForgeWidgetBundle.swift */ = {isa = PBXFileReference; lastKnownFileType = sourcecode.swift; path = RepSetForgeWidgetBundle.swift; sourceTree = "<group>"; };
		100000000000000000000022 /* RepSetForgeLiveActivity.swift */ = {isa = PBXFileReference; lastKnownFileType = sourcecode.swift; path = RepSetForgeLiveActivity.swift; sourceTree = "<group>"; };
		100000000000000000000023 /* Info.plist */ = {isa = PBXFileReference; lastKnownFileType = text.plist.xml; path = Info.plist; sourceTree = "<group>"; };
		100000000000000000000024 /* RepSetForgeWidget.entitlements */ = {isa = PBXFileReference; lastKnownFileType = text.plist.entitlements; path = RepSetForgeWidget.entitlements; sourceTree = "<group>"; };
		100000000000000000000031 /* RepSetForge.app */ = {isa = PBXFileReference; explicitFileType = wrapper.application; includeInIndex = 0; path = RepSetForge.app; sourceTree = BUILT_PRODUCTS_DIR; };
		100000000000000000000032 /* RepSetForgeWidget.appex */ = {isa = PBXFileReference; explicitFileType = "wrapper.app-extension"; includeInIndex = 0; path = RepSetForgeWidget.appex; sourceTree = BUILT_PRODUCTS_DIR; };
		100000000000000000000037 /* RepSetForgeTests.xctest */ = {isa = PBXFileReference; explicitFileType = wrapper.cfbundle; includeInIndex = 0; path = RepSetForgeTests.xctest; sourceTree = BUILT_PRODUCTS_DIR; };
		1000000000000000000000A0 /* TrainingModels.swift */ = {isa = PBXFileReference; lastKnownFileType = sourcecode.swift; path = Models/TrainingModels.swift; sourceTree = "<group>"; };
		1000000000000000000000A1 /* ModelContainerFactory.swift */ = {isa = PBXFileReference; lastKnownFileType = sourcecode.swift; path = Models/ModelContainerFactory.swift; sourceTree = "<group>"; };
		1000000000000000000000A2 /* StrengthMath.swift */ = {isa = PBXFileReference; lastKnownFileType = sourcecode.swift; path = Services/StrengthMath.swift; sourceTree = "<group>"; };
		1000000000000000000000A3 /* ExerciseDeduplicator.swift */ = {isa = PBXFileReference; lastKnownFileType = sourcecode.swift; path = Services/ExerciseDeduplicator.swift; sourceTree = "<group>"; };
		1000000000000000000000A4 /* SessionRestorePolicy.swift */ = {isa = PBXFileReference; lastKnownFileType = sourcecode.swift; path = Services/SessionRestorePolicy.swift; sourceTree = "<group>"; };
		1000000000000000000000A5 /* PRRebuilder.swift */ = {isa = PBXFileReference; lastKnownFileType = sourcecode.swift; path = Services/PRRebuilder.swift; sourceTree = "<group>"; };
		1000000000000000000000A6 /* FocusWorkoutStore.swift */ = {isa = PBXFileReference; lastKnownFileType = sourcecode.swift; path = ViewModels/FocusWorkoutStore.swift; sourceTree = "<group>"; };
		1000000000000000000000A7 /* FocusWorkoutView.swift */ = {isa = PBXFileReference; lastKnownFileType = sourcecode.swift; path = Views/FocusWorkoutView.swift; sourceTree = "<group>"; };
		1000000000000000000000F3 /* RepSetForgeActivityAttributes.swift */ = {isa = PBXFileReference; lastKnownFileType = sourcecode.swift; path = Shared/RepSetForgeActivityAttributes.swift; sourceTree = "<group>"; };
		1000000000000000000000F4 /* WorkoutActivityController.swift */ = {isa = PBXFileReference; lastKnownFileType = sourcecode.swift; path = Activity/WorkoutActivityController.swift; sourceTree = "<group>"; };
		1000000000000000000000F7 /* AppIntents.framework */ = {isa = PBXFileReference; lastKnownFileType = wrapper.framework; name = AppIntents.framework; path = System/Library/Frameworks/AppIntents.framework; sourceTree = SDKROOT; };
		1000000000000000000000B0 /* StrengthMathTests.swift */ = {isa = PBXFileReference; lastKnownFileType = sourcecode.swift; path = StrengthMathTests.swift; sourceTree = "<group>"; };
		1000000000000000000000B1 /* ExerciseDeduplicatorTests.swift */ = {isa = PBXFileReference; lastKnownFileType = sourcecode.swift; path = ExerciseDeduplicatorTests.swift; sourceTree = "<group>"; };
		1000000000000000000000B2 /* SessionRestorePolicyTests.swift */ = {isa = PBXFileReference; lastKnownFileType = sourcecode.swift; path = SessionRestorePolicyTests.swift; sourceTree = "<group>"; };
		1000000000000000000000B3 /* PRRebuilderTests.swift */ = {isa = PBXFileReference; lastKnownFileType = sourcecode.swift; path = PRRebuilderTests.swift; sourceTree = "<group>"; };
		1000000000000000000000B5 /* FocusWorkoutStoreTests.swift */ = {isa = PBXFileReference; lastKnownFileType = sourcecode.swift; path = FocusWorkoutStoreTests.swift; sourceTree = "<group>"; };
/* End PBXFileReference section */

/* Begin PBXFrameworksBuildPhase section */
		100000000000000000000041 /* Frameworks */ = {isa = PBXFrameworksBuildPhase; buildActionMask = 2147483647; files = (); runOnlyForDeploymentPostprocessing = 0; };
		100000000000000000000051 /* Frameworks */ = {isa = PBXFrameworksBuildPhase; buildActionMask = 2147483647; files = (1000000000000000000000F6); runOnlyForDeploymentPostprocessing = 0; };
		1000000000000000000000C1 /* Frameworks */ = {isa = PBXFrameworksBuildPhase; buildActionMask = 2147483647; files = (); runOnlyForDeploymentPostprocessing = 0; };
/* End PBXFrameworksBuildPhase section */

/* Begin PBXGroup section */
		100000000000000000000033 = {
			isa = PBXGroup;
			children = (
				100000000000000000000034 /* RepSetForge */,
				100000000000000000000035 /* RepSetForgeWidget */,
				1000000000000000000000B4 /* RepSetForgeTests */,
				1000000000000000000000F7 /* AppIntents.framework */,
				100000000000000000000036 /* Products */,
			);
			sourceTree = "<group>";
		};
		100000000000000000000034 /* RepSetForge */ = {
			isa = PBXGroup;
			children = (
				100000000000000000000011 /* RepSetForgeApp.swift */,
				100000000000000000000012 /* RootView.swift */,
				100000000000000000000013 /* DesignTokens.swift */,
				1000000000000000000000A0 /* TrainingModels.swift */,
				1000000000000000000000A1 /* ModelContainerFactory.swift */,
				1000000000000000000000A2 /* StrengthMath.swift */,
				1000000000000000000000A3 /* ExerciseDeduplicator.swift */,
				1000000000000000000000A4 /* SessionRestorePolicy.swift */,
				1000000000000000000000A5 /* PRRebuilder.swift */,
				1000000000000000000000F3 /* RepSetForgeActivityAttributes.swift */,
				1000000000000000000000F4 /* WorkoutActivityController.swift */,
				1000000000000000000000A6 /* FocusWorkoutStore.swift */,
				1000000000000000000000A7 /* FocusWorkoutView.swift */,
				100000000000000000000014 /* Info.plist */,
				100000000000000000000015 /* RepSetForge.entitlements */,
			);
			path = RepSetForge;
			sourceTree = "<group>";
		};
		100000000000000000000035 /* RepSetForgeWidget */ = {
			isa = PBXGroup;
			children = (
				100000000000000000000021 /* RepSetForgeWidgetBundle.swift */,
				100000000000000000000022 /* RepSetForgeLiveActivity.swift */,
				100000000000000000000023 /* Info.plist */,
				100000000000000000000024 /* RepSetForgeWidget.entitlements */,
			);
			path = RepSetForgeWidget;
			sourceTree = "<group>";
		};
		100000000000000000000036 /* Products */ = {
			isa = PBXGroup;
			children = (
				100000000000000000000031 /* RepSetForge.app */,
				100000000000000000000032 /* RepSetForgeWidget.appex */,
				100000000000000000000037 /* RepSetForgeTests.xctest */,
			);
			name = Products;
			sourceTree = "<group>";
		};
		1000000000000000000000B4 /* RepSetForgeTests */ = {
			isa = PBXGroup;
			children = (
				1000000000000000000000B0 /* StrengthMathTests.swift */,
				1000000000000000000000B1 /* ExerciseDeduplicatorTests.swift */,
				1000000000000000000000B2 /* SessionRestorePolicyTests.swift */,
				1000000000000000000000B3 /* PRRebuilderTests.swift */,
				1000000000000000000000B5 /* FocusWorkoutStoreTests.swift */,
			);
			path = RepSetForgeTests;
			sourceTree = "<group>";
		};
/* End PBXGroup section */

/* Begin PBXNativeTarget section */
		100000000000000000000042 /* RepSetForge */ = {
			isa = PBXNativeTarget;
			buildConfigurationList = 100000000000000000000060 /* Build configuration list for PBXNativeTarget "RepSetForge" */;
			buildPhases = (
				100000000000000000000043 /* Sources */,
				100000000000000000000041 /* Frameworks */,
				100000000000000000000008 /* Embed App Extensions */,
			);
			buildRules = ();
			dependencies = (
				100000000000000000000009 /* PBXTargetDependency */,
			);
			name = RepSetForge;
			productName = RepSetForge;
			productReference = 100000000000000000000031 /* RepSetForge.app */;
			productType = "com.apple.product-type.application";
		};
		100000000000000000000052 /* RepSetForgeWidget */ = {
			isa = PBXNativeTarget;
			buildConfigurationList = 100000000000000000000070 /* Build configuration list for PBXNativeTarget "RepSetForgeWidget" */;
			buildPhases = (
				100000000000000000000053 /* Sources */,
				100000000000000000000051 /* Frameworks */,
			);
			buildRules = ();
			dependencies = ();
			name = RepSetForgeWidget;
			productName = RepSetForgeWidget;
			productReference = 100000000000000000000032 /* RepSetForgeWidget.appex */;
			productType = "com.apple.product-type.app-extension";
		};
		1000000000000000000000C0 /* RepSetForgeTests */ = {
			isa = PBXNativeTarget;
			buildConfigurationList = 1000000000000000000000E0 /* Build configuration list for PBXNativeTarget "RepSetForgeTests" */;
			buildPhases = (
				1000000000000000000000C2 /* Sources */,
				1000000000000000000000C1 /* Frameworks */,
			);
			buildRules = ();
			dependencies = (
				1000000000000000000000D0 /* PBXTargetDependency */,
			);
			name = RepSetForgeTests;
			productName = RepSetForgeTests;
			productReference = 100000000000000000000037 /* RepSetForgeTests.xctest */;
			productType = "com.apple.product-type.bundle.unit-test";
		};
/* End PBXNativeTarget section */

/* Begin PBXProject section */
		100000000000000000000040 /* Project object */ = {
			isa = PBXProject;
			attributes = {
				BuildIndependentTargetsInParallel = 1;
				LastSwiftUpdateCheck = 1600;
				LastUpgradeCheck = 1600;
				TargetAttributes = {
					100000000000000000000042 = {CreatedOnToolsVersion = 16.0; };
					100000000000000000000052 = {CreatedOnToolsVersion = 16.0; };
					1000000000000000000000C0 = {CreatedOnToolsVersion = 16.0; TestTargetID = 100000000000000000000042; };
				};
			};
			buildConfigurationList = 100000000000000000000080 /* Build configuration list for PBXProject "RepSetForge" */;
			compatibilityVersion = "Xcode 14.0";
			developmentRegion = en;
			hasScannedForEncodings = 0;
			knownRegions = (en, Base);
			mainGroup = 100000000000000000000033;
			productRefGroup = 100000000000000000000036 /* Products */;
			projectDirPath = "";
			projectRoot = "";
			targets = (
				100000000000000000000042 /* RepSetForge */,
				100000000000000000000052 /* RepSetForgeWidget */,
				1000000000000000000000C0 /* RepSetForgeTests */,
			);
		};
/* End PBXProject section */

/* Begin PBXSourcesBuildPhase section */
		100000000000000000000043 /* Sources */ = {isa = PBXSourcesBuildPhase; buildActionMask = 2147483647; files = (100000000000000000000001, 100000000000000000000002, 100000000000000000000003, 100000000000000000000090, 100000000000000000000091, 100000000000000000000092, 100000000000000000000093, 100000000000000000000094, 100000000000000000000095, 10000000000000000000009A, 10000000000000000000009B, 1000000000000000000000F0, 1000000000000000000000F1); runOnlyForDeploymentPostprocessing = 0; };
		100000000000000000000053 /* Sources */ = {isa = PBXSourcesBuildPhase; buildActionMask = 2147483647; files = (100000000000000000000004, 100000000000000000000005, 1000000000000000000000F2, 1000000000000000000000F5); runOnlyForDeploymentPostprocessing = 0; };
		1000000000000000000000C2 /* Sources */ = {isa = PBXSourcesBuildPhase; buildActionMask = 2147483647; files = (100000000000000000000096, 100000000000000000000097, 100000000000000000000098, 100000000000000000000099, 10000000000000000000009C); runOnlyForDeploymentPostprocessing = 0; };
/* End PBXSourcesBuildPhase section */

/* Begin PBXTargetDependency section */
		100000000000000000000009 /* PBXTargetDependency */ = {isa = PBXTargetDependency; target = 100000000000000000000052 /* RepSetForgeWidget */; targetProxy = 100000000000000000000007 /* PBXContainerItemProxy */; };
		1000000000000000000000D0 /* PBXTargetDependency */ = {isa = PBXTargetDependency; target = 100000000000000000000042 /* RepSetForge */; };
/* End PBXTargetDependency section */

/* Begin XCBuildConfiguration section */
		100000000000000000000061 /* Debug */ = {
			isa = XCBuildConfiguration;
			buildSettings = {
				ASSETCATALOG_COMPILER_APPICON_NAME = AppIcon;
				CODE_SIGN_ENTITLEMENTS = RepSetForge/RepSetForge.entitlements;
				CODE_SIGN_STYLE = Automatic;
				CURRENT_PROJECT_VERSION = 1;
				DEFINES_MODULE = YES;
				DEVELOPMENT_TEAM = "";
				ENABLE_TESTABILITY = YES;
				ENABLE_PREVIEWS = YES;
				GENERATE_INFOPLIST_FILE = NO;
				INFOPLIST_FILE = RepSetForge/Info.plist;
				IPHONEOS_DEPLOYMENT_TARGET = 17.0;
				LD_RUNPATH_SEARCH_PATHS = "$(inherited) @executable_path/Frameworks";
				MARKETING_VERSION = 1.0;
				PRODUCT_BUNDLE_IDENTIFIER = com.repsetforge.app;
				PRODUCT_NAME = "$(TARGET_NAME)";
				SUPPORTED_PLATFORMS = "iphoneos iphonesimulator";
				SUPPORTS_MACCATALYST = NO;
				SUPPORTS_MAC_DESIGNED_FOR_IPHONE_IPAD = NO;
				SWIFT_EMIT_LOC_STRINGS = YES;
				SWIFT_VERSION = 5.0;
				TARGETED_DEVICE_FAMILY = 1;
			};
			name = Debug;
		};
		100000000000000000000062 /* Release */ = {
			isa = XCBuildConfiguration;
			buildSettings = {
				ASSETCATALOG_COMPILER_APPICON_NAME = AppIcon;
				CODE_SIGN_ENTITLEMENTS = RepSetForge/RepSetForge.entitlements;
				CODE_SIGN_STYLE = Automatic;
				CURRENT_PROJECT_VERSION = 1;
				DEFINES_MODULE = YES;
				DEVELOPMENT_TEAM = "";
				ENABLE_PREVIEWS = YES;
				GENERATE_INFOPLIST_FILE = NO;
				INFOPLIST_FILE = RepSetForge/Info.plist;
				IPHONEOS_DEPLOYMENT_TARGET = 17.0;
				LD_RUNPATH_SEARCH_PATHS = "$(inherited) @executable_path/Frameworks";
				MARKETING_VERSION = 1.0;
				PRODUCT_BUNDLE_IDENTIFIER = com.repsetforge.app;
				PRODUCT_NAME = "$(TARGET_NAME)";
				SUPPORTED_PLATFORMS = "iphoneos iphonesimulator";
				SUPPORTS_MACCATALYST = NO;
				SUPPORTS_MAC_DESIGNED_FOR_IPHONE_IPAD = NO;
				SWIFT_EMIT_LOC_STRINGS = YES;
				SWIFT_VERSION = 5.0;
				TARGETED_DEVICE_FAMILY = 1;
			};
			name = Release;
		};
		100000000000000000000071 /* Debug */ = {
			isa = XCBuildConfiguration;
			buildSettings = {
				APPLICATION_EXTENSION_API_ONLY = YES;
				CODE_SIGN_ENTITLEMENTS = RepSetForgeWidget/RepSetForgeWidget.entitlements;
				CODE_SIGN_STYLE = Automatic;
				CURRENT_PROJECT_VERSION = 1;
				DEVELOPMENT_TEAM = "";
				GENERATE_INFOPLIST_FILE = NO;
				INFOPLIST_FILE = RepSetForgeWidget/Info.plist;
				IPHONEOS_DEPLOYMENT_TARGET = 17.0;
				LD_RUNPATH_SEARCH_PATHS = "$(inherited) @executable_path/Frameworks @executable_path/../../Frameworks";
				MARKETING_VERSION = 1.0;
				PRODUCT_BUNDLE_IDENTIFIER = com.repsetforge.app.RepSetForgeWidget;
				PRODUCT_NAME = "$(TARGET_NAME)";
				SKIP_INSTALL = YES;
				SUPPORTED_PLATFORMS = "iphoneos iphonesimulator";
				SUPPORTS_MACCATALYST = NO;
				SUPPORTS_MAC_DESIGNED_FOR_IPHONE_IPAD = NO;
				SWIFT_EMIT_LOC_STRINGS = YES;
				SWIFT_VERSION = 5.0;
				TARGETED_DEVICE_FAMILY = 1;
				WRAPPER_EXTENSION = appex;
			};
			name = Debug;
		};
		100000000000000000000072 /* Release */ = {
			isa = XCBuildConfiguration;
			buildSettings = {
				APPLICATION_EXTENSION_API_ONLY = YES;
				CODE_SIGN_ENTITLEMENTS = RepSetForgeWidget/RepSetForgeWidget.entitlements;
				CODE_SIGN_STYLE = Automatic;
				CURRENT_PROJECT_VERSION = 1;
				DEVELOPMENT_TEAM = "";
				GENERATE_INFOPLIST_FILE = NO;
				INFOPLIST_FILE = RepSetForgeWidget/Info.plist;
				IPHONEOS_DEPLOYMENT_TARGET = 17.0;
				LD_RUNPATH_SEARCH_PATHS = "$(inherited) @executable_path/Frameworks @executable_path/../../Frameworks";
				MARKETING_VERSION = 1.0;
				PRODUCT_BUNDLE_IDENTIFIER = com.repsetforge.app.RepSetForgeWidget;
				PRODUCT_NAME = "$(TARGET_NAME)";
				SKIP_INSTALL = YES;
				SUPPORTED_PLATFORMS = "iphoneos iphonesimulator";
				SUPPORTS_MACCATALYST = NO;
				SUPPORTS_MAC_DESIGNED_FOR_IPHONE_IPAD = NO;
				SWIFT_EMIT_LOC_STRINGS = YES;
				SWIFT_VERSION = 5.0;
				TARGETED_DEVICE_FAMILY = 1;
				WRAPPER_EXTENSION = appex;
			};
			name = Release;
		};
		1000000000000000000000E1 /* Debug */ = {
			isa = XCBuildConfiguration;
			buildSettings = {
				BUNDLE_LOADER = "$(TEST_HOST)";
				CODE_SIGN_STYLE = Automatic;
				CURRENT_PROJECT_VERSION = 1;
				DEVELOPMENT_TEAM = "";
				GENERATE_INFOPLIST_FILE = YES;
				IPHONEOS_DEPLOYMENT_TARGET = 17.0;
				LD_RUNPATH_SEARCH_PATHS = "$(inherited) @executable_path/Frameworks @loader_path/Frameworks";
				MARKETING_VERSION = 1.0;
				PRODUCT_BUNDLE_IDENTIFIER = com.repsetforge.app.tests;
				PRODUCT_NAME = "$(TARGET_NAME)";
				SUPPORTED_PLATFORMS = "iphoneos iphonesimulator";
				SUPPORTS_MACCATALYST = NO;
				SUPPORTS_MAC_DESIGNED_FOR_IPHONE_IPAD = NO;
				SWIFT_EMIT_LOC_STRINGS = NO;
				SWIFT_VERSION = 5.0;
				TARGETED_DEVICE_FAMILY = 1;
				TEST_HOST = "$(BUILT_PRODUCTS_DIR)/RepSetForge.app/$(BUNDLE_EXECUTABLE_FOLDER_PATH)/RepSetForge";
			};
			name = Debug;
		};
		1000000000000000000000E2 /* Release */ = {
			isa = XCBuildConfiguration;
			buildSettings = {
				BUNDLE_LOADER = "$(TEST_HOST)";
				CODE_SIGN_STYLE = Automatic;
				CURRENT_PROJECT_VERSION = 1;
				DEVELOPMENT_TEAM = "";
				GENERATE_INFOPLIST_FILE = YES;
				IPHONEOS_DEPLOYMENT_TARGET = 17.0;
				LD_RUNPATH_SEARCH_PATHS = "$(inherited) @executable_path/Frameworks @loader_path/Frameworks";
				MARKETING_VERSION = 1.0;
				PRODUCT_BUNDLE_IDENTIFIER = com.repsetforge.app.tests;
				PRODUCT_NAME = "$(TARGET_NAME)";
				SUPPORTED_PLATFORMS = "iphoneos iphonesimulator";
				SUPPORTS_MACCATALYST = NO;
				SUPPORTS_MAC_DESIGNED_FOR_IPHONE_IPAD = NO;
				SWIFT_EMIT_LOC_STRINGS = NO;
				SWIFT_VERSION = 5.0;
				TARGETED_DEVICE_FAMILY = 1;
				TEST_HOST = "$(BUILT_PRODUCTS_DIR)/RepSetForge.app/$(BUNDLE_EXECUTABLE_FOLDER_PATH)/RepSetForge";
			};
			name = Release;
		};
		100000000000000000000081 /* Debug */ = {
			isa = XCBuildConfiguration;
			buildSettings = {
				ALWAYS_SEARCH_USER_PATHS = NO;
				CLANG_ENABLE_MODULES = YES;
				CLANG_ENABLE_OBJC_ARC = YES;
				CLANG_WARN_QUOTED_INCLUDE_IN_FRAMEWORK_HEADER = YES;
				COPY_PHASE_STRIP = NO;
				DEBUG_INFORMATION_FORMAT = dwarf;
				ENABLE_STRICT_OBJC_MSGSEND = YES;
				GCC_C_LANGUAGE_STANDARD = gnu17;
				GCC_NO_COMMON_BLOCKS = YES;
				GCC_OPTIMIZATION_LEVEL = 0;
				GCC_PREPROCESSOR_DEFINITIONS = "DEBUG=1 $(inherited)";
				MTL_ENABLE_DEBUG_INFO = INCLUDE_SOURCE;
				SDKROOT = iphoneos;
				SWIFT_ACTIVE_COMPILATION_CONDITIONS = DEBUG;
			};
			name = Debug;
		};
		100000000000000000000082 /* Release */ = {
			isa = XCBuildConfiguration;
			buildSettings = {
				ALWAYS_SEARCH_USER_PATHS = NO;
				CLANG_ENABLE_MODULES = YES;
				CLANG_ENABLE_OBJC_ARC = YES;
				CLANG_WARN_QUOTED_INCLUDE_IN_FRAMEWORK_HEADER = YES;
				COPY_PHASE_STRIP = NO;
				DEBUG_INFORMATION_FORMAT = "dwarf-with-dsym";
				ENABLE_STRICT_OBJC_MSGSEND = YES;
				GCC_C_LANGUAGE_STANDARD = gnu17;
				GCC_NO_COMMON_BLOCKS = YES;
				MTL_ENABLE_DEBUG_INFO = NO;
				SDKROOT = iphoneos;
				SWIFT_COMPILATION_MODE = wholemodule;
				VALIDATE_PRODUCT = YES;
			};
			name = Release;
		};
/* End XCBuildConfiguration section */

/* Begin XCConfigurationList section */
		100000000000000000000060 /* Build configuration list for PBXNativeTarget "RepSetForge" */ = {isa = XCConfigurationList; buildConfigurations = (100000000000000000000061, 100000000000000000000062); defaultConfigurationIsVisible = 0; defaultConfigurationName = Debug; };
		100000000000000000000070 /* Build configuration list for PBXNativeTarget "RepSetForgeWidget" */ = {isa = XCConfigurationList; buildConfigurations = (100000000000000000000071, 100000000000000000000072); defaultConfigurationIsVisible = 0; defaultConfigurationName = Debug; };
		1000000000000000000000E0 /* Build configuration list for PBXNativeTarget "RepSetForgeTests" */ = {isa = XCConfigurationList; buildConfigurations = (1000000000000000000000E1, 1000000000000000000000E2); defaultConfigurationIsVisible = 0; defaultConfigurationName = Debug; };
		100000000000000000000080 /* Build configuration list for PBXProject "RepSetForge" */ = {isa = XCConfigurationList; buildConfigurations = (100000000000000000000081, 100000000000000000000082); defaultConfigurationIsVisible = 0; defaultConfigurationName = Debug; };
/* End XCConfigurationList section */
	};
	rootObject = 100000000000000000000040 /* Project object */;
}
